// !$*UTF8*$!
{
	archiveVersion = 1;
	classes = {
	};
	objectVersion = 50;
	objects = {

/* Begin PBXBuildFile section */
		1711426B2678A65F00ADCEC9 /* AuthScreenApp.swift in Sources */ = {isa = PBXBuildFile; fileRef = 1711426A2678A65F00ADCEC9 /* AuthScreenApp.swift */; };
		1711426D2678A65F00ADCEC9 /* ContentView.swift in Sources */ = {isa = PBXBuildFile; fileRef = 1711426C2678A65F00ADCEC9 /* ContentView.swift */; };
		1711426F2678A66200ADCEC9 /* Assets.xcassets in Resources */ = {isa = PBXBuildFile; fileRef = 1711426E2678A66200ADCEC9 /* Assets.xcassets */; };
		171142722678A66200ADCEC9 /* Preview Assets.xcassets in Resources */ = {isa = PBXBuildFile; fileRef = 171142712678A66200ADCEC9 /* Preview Assets.xcassets */; };
		1711427C2678A6BF00ADCEC9 /* LoginFormVM.swift in Sources */ = {isa = PBXBuildFile; fileRef = 1711427B2678A6BF00ADCEC9 /* LoginFormVM.swift */; };
		1711427F2678AD3D00ADCEC9 /* PasswordStatus.swift in Sources */ = {isa = PBXBuildFile; fileRef = 1711427E2678AD3D00ADCEC9 /* PasswordStatus.swift */; };
/* End PBXBuildFile section */

/* Begin PBXFileReference section */
		171142672678A65F00ADCEC9 /* AuthScreen.app */ = {isa = PBXFileReference; explicitFileType = wrapper.application; includeInIndex = 0; path = AuthScreen.app; sourceTree = BUILT_PRODUCTS_DIR; };
		1711426A2678A65F00ADCEC9 /* AuthScreenApp.swift */ = {isa = PBXFileReference; lastKnownFileType = sourcecode.swift; path = AuthScreenApp.swift; sourceTree = "<group>"; };
		1711426C2678A65F00ADCEC9 /* ContentView.swift */ = {isa = PBXFileReference; lastKnownFileType = sourcecode.swift; path = ContentView.swift; sourceTree = "<group>"; };
		1711426E2678A66200ADCEC9 /* Assets.xcassets */ = {isa = PBXFileReference; lastKnownFileType = folder.assetcatalog; path = Assets.xcassets; sourceTree = "<group>"; };
		171142712678A66200ADCEC9 /* Preview Assets.xcassets */ = {isa = PBXFileReference; lastKnownFileType = folder.assetcatalog; path = "Preview Assets.xcassets"; sourceTree = "<group>"; };
		171142732678A66200ADCEC9 /* Info.plist */ = {isa = PBXFileReference; lastKnownFileType = text.plist.xml; path = Info.plist; sourceTree = "<group>"; };
		1711427B2678A6BF00ADCEC9 /* LoginFormVM.swift */ = {isa = PBXFileReference; lastKnownFileType = sourcecode.swift; path = LoginFormVM.swift; sourceTree = "<group>"; };
		1711427E2678AD3D00ADCEC9 /* PasswordStatus.swift */ = {isa = PBXFileReference; lastKnownFileType = sourcecode.swift; path = PasswordStatus.swift; sourceTree = "<group>"; };
/* End PBXFileReference section */

/* Begin PBXFrameworksBuildPhase section */
		171142642678A65F00ADCEC9 /* Frameworks */ = {
			isa = PBXFrameworksBuildPhase;
			buildActionMask = 2147483647;
			files = (
			);
			runOnlyForDeploymentPostprocessing = 0;
		};
/* End PBXFrameworksBuildPhase section */

/* Begin PBXGroup section */
		1711425E2678A65F00ADCEC9 = {
			isa = PBXGroup;
			children = (
				171142692678A65F00ADCEC9 /* AuthScreen */,
				171142682678A65F00ADCEC9 /* Products */,
			);
			sourceTree = "<group>";
		};
		171142682678A65F00ADCEC9 /* Products */ = {
			isa = PBXGroup;
			children = (
				171142672678A65F00ADCEC9 /* AuthScreen.app */,
			);
			name = Products;
			sourceTree = "<group>";
		};
		171142692678A65F00ADCEC9 /* AuthScreen */ = {
			isa = PBXGroup;
			children = (
				1711427D2678AD2C00ADCEC9 /* Model */,
				1711427A2678A6AB00ADCEC9 /* View */,
				171142792678A6A500ADCEC9 /* View Model */,
				1711426A2678A65F00ADCEC9 /* AuthScreenApp.swift */,
				1711426E2678A66200ADCEC9 /* Assets.xcassets */,
				171142732678A66200ADCEC9 /* Info.plist */,
				171142702678A66200ADCEC9 /* Preview Content */,
			);
			path = AuthScreen;
			sourceTree = "<group>";
		};
		171142702678A66200ADCEC9 /* Preview Content */ = {
			isa = PBXGroup;
			children = (
				171142712678A66200ADCEC9 /* Preview Assets.xcassets */,
			);
			path = "Preview Content";
			sourceTree = "<group>";
		};
		171142792678A6A500ADCEC9 /* View Model */ = {
			isa = PBXGroup;
			children = (
				1711427B2678A6BF00ADCEC9 /* LoginFormVM.swift */,
			);
			path = "View Model";
			sourceTree = "<group>";
		};
		1711427A2678A6AB00ADCEC9 /* View */ = {
			isa = PBXGroup;
			children = (
				1711426C2678A65F00ADCEC9 /* ContentView.swift */,
			);
			path = View;
			sourceTree = "<group>";
		};
		1711427D2678AD2C00ADCEC9 /* Model */ = {
			isa = PBXGroup;
			children = (
				1711427E2678AD3D00ADCEC9 /* PasswordStatus.swift */,
			);
			path = Model;
			sourceTree = "<group>";
		};
/* End PBXGroup section */

/* Begin PBXNativeTarget section */
		171142662678A65F00ADCEC9 /* AuthScreen */ = {
			isa = PBXNativeTarget;
			buildConfigurationList = 171142762678A66200ADCEC9 /* Build configuration list for PBXNativeTarget "AuthScreen" */;
			buildPhases = (
				171142632678A65F00ADCEC9 /* Sources */,
				171142642678A65F00ADCEC9 /* Frameworks */,
				171142652678A65F00ADCEC9 /* Resources */,
			);
			buildRules = (
			);
			dependencies = (
			);
			name = AuthScreen;
			productName = AuthScreen;
			productReference = 171142672678A65F00ADCEC9 /* AuthScreen.app */;
			productType = "com.apple.product-type.application";
		};
/* End PBXNativeTarget section */

/* Begin PBXProject section */
		1711425F2678A65F00ADCEC9 /* Project object */ = {
			isa = PBXProject;
			attributes = {
				LastSwiftUpdateCheck = 1250;
				LastUpgradeCheck = 1250;
				TargetAttributes = {
					171142662678A65F00ADCEC9 = {
						CreatedOnToolsVersion = 12.5;
					};
				};
			};
			buildConfigurationList = 171142622678A65F00ADCEC9 /* Build configuration list for PBXProject "AuthScreen" */;
			compatibilityVersion = "Xcode 9.3";
			developmentRegion = en;
			hasScannedForEncodings = 0;
			knownRegions = (
				en,
				Base,
			);
			mainGroup = 1711425E2678A65F00ADCEC9;
			productRefGroup = 171142682678A65F00ADCEC9 /* Products */;
			projectDirPath = "";
			projectRoot = "";
			targets = (
				171142662678A65F00ADCEC9 /* AuthScreen */,
			);
		};
/* End PBXProject section */

/* Begin PBXResourcesBuildPhase section */
		171142652678A65F00ADCEC9 /* Resources */ = {
			isa = PBXResourcesBuildPhase;
			buildActionMask = 2147483647;
			files = (
				171142722678A66200ADCEC9 /* Preview Assets.xcassets in Resources */,
				1711426F2678A66200ADCEC9 /* Assets.xcassets in Resources */,
			);
			runOnlyForDeploymentPostprocessing = 0;
		};
/* End PBXResourcesBuildPhase section */

/* Begin PBXSourcesBuildPhase section */
		171142632678A65F00ADCEC9 /* Sources */ = {
			isa = PBXSourcesBuildPhase;
			buildActionMask = 2147483647;
			files = (
				1711426D2678A65F00ADCEC9 /* ContentView.swift in Sources */,
				1711427C2678A6BF00ADCEC9 /* LoginFormVM.swift in Sources */,
				1711427F2678AD3D00ADCEC9 /* PasswordStatus.swift in Sources */,
				1711426B2678A65F00ADCEC9 /* AuthScreenApp.swift in Sources */,
			);
			runOnlyForDeploymentPostprocessing = 0;
		};
/* End PBXSourcesBuildPhase section */

/* Begin XCBuildConfiguration section */
		171142742678A66200ADCEC9 /* Debug */ = {
			isa = XCBuildConfiguration;
			buildSettings = {
				ALWAYS_SEARCH_USER_PATHS = NO;
				CLANG_ANALYZER_NONNULL = YES;
				CLANG_ANALYZER_NUMBER_OBJECT_CONVERSION = YES_AGGRESSIVE;
				CLANG_CXX_LANGUAGE_STANDARD = "gnu++14";
				CLANG_CXX_LIBRARY = "libc++";
				CLANG_ENABLE_MODULES = YES;
				CLANG_ENABLE_OBJC_ARC = YES;
				CLANG_ENABLE_OBJC_WEAK = YES;
				CLANG_WARN_BLOCK_CAPTURE_AUTORELEASING = YES;
				CLANG_WARN_BOOL_CONVERSION = YES;
				CLANG_WARN_COMMA = YES;
				CLANG_WARN_CONSTANT_CONVERSION = YES;
				CLANG_WARN_DEPRECATED_OBJC_IMPLEMENTATIONS = YES;
				CLANG_WARN_DIRECT_OBJC_ISA_USAGE = YES_ERROR;
				CLANG_WARN_DOCUMENTATION_COMMENTS = YES;
				CLANG_WARN_EMPTY_BODY = YES;
				CLANG_WARN_ENUM_CONVERSION = YES;
				CLANG_WARN_INFINITE_RECURSION = YES;
				CLANG_WARN_INT_CONVERSION = YES;
				CLANG_WARN_NON_LITERAL_NULL_CONVERSION = YES;
				CLANG_WARN_OBJC_IMPLICIT_RETAIN_SELF = YES;
				CLANG_WARN_OBJC_LITERAL_CONVERSION = YES;
				CLANG_WARN_OBJC_ROOT_CLASS = YES_ERROR;
				CLANG_WARN_QUOTED_INCLUDE_IN_FRAMEWORK_HEADER = YES;
				CLANG_WARN_RANGE_LOOP_ANALYSIS = YES;
				CLANG_WARN_STRICT_PROTOTYPES = YES;
				CLANG_WARN_SUSPICIOUS_MOVE = YES;
				CLANG_WARN_UNGUARDED_AVAILABILITY = YES_AGGRESSIVE;
				CLANG_WARN_UNREACHABLE_CODE = YES;
				CLANG_WARN__DUPLICATE_METHOD_MATCH = YES;
				COPY_PHASE_STRIP = NO;
				DEBUG_INFORMATION_FORMAT = dwarf;
				ENABLE_STRICT_OBJC_MSGSEND = YES;
				ENABLE_TESTABILITY = YES;
				GCC_C_LANGUAGE_STANDARD = gnu11;
				GCC_DYNAMIC_NO_PIC = NO;
				GCC_NO_COMMON_BLOCKS = YES;
				GCC_OPTIMIZATION_LEVEL = 0;
				GCC_PREPROCESSOR_DEFINITIONS = (
					"DEBUG=1",
					"$(inherited)",
				);
				GCC_WARN_64_TO_32_BIT_CONVERSION = YES;
				GCC_WARN_ABOUT_RETURN_TYPE = YES_ERROR;
				GCC_WARN_UNDECLARED_SELECTOR = YES;
				GCC_WARN_UNINITIALIZED_AUTOS = YES_AGGRESSIVE;
				GCC_WARN_UNUSED_FUNCTION = YES;
				GCC_WARN_UNUSED_VARIABLE = YES;
				IPHONEOS_DEPLOYMENT_TARGET = 14.5;
				MTL_ENABLE_DEBUG_INFO = INCLUDE_SOURCE;
				MTL_FAST_MATH = YES;
				ONLY_ACTIVE_ARCH = YES;
				SDKROOT = iphoneos;
				SWIFT_ACTIVE_COMPILATION_CONDITIONS = DEBUG;
				SWIFT_OPTIMIZATION_LEVEL = "-Onone";
			};
			name = Debug;
		};
		171142752678A66200ADCEC9 /* Release */ = {
			isa = XCBuildConfiguration;
			buildSettings = {
				ALWAYS_SEARCH_USER_PATHS = NO;
				CLANG_ANALYZER_NONNULL = YES;
				CLANG_ANALYZER_NUMBER_OBJECT_CONVERSION = YES_AGGRESSIVE;
				CLANG_CXX_LANGUAGE_STANDARD = "gnu++14";
				CLANG_CXX_LIBRARY = "libc++";
				CLANG_ENABLE_MODULES = YES;
				CLANG_ENABLE_OBJC_ARC = YES;
				CLANG_ENABLE_OBJC_WEAK = YES;
				CLANG_WARN_BLOCK_CAPTURE_AUTORELEASING = YES;
				CLANG_WARN_BOOL_CONVERSION = YES;
				CLANG_WARN_COMMA = YES;
				CLANG_WARN_CONSTANT_CONVERSION = YES;
				CLANG_WARN_DEPRECATED_OBJC_IMPLEMENTATIONS = YES;
				CLANG_WARN_DIRECT_OBJC_ISA_USAGE = YES_ERROR;
				CLANG_WARN_DOCUMENTATION_COMMENTS = YES;
				CLANG_WARN_EMPTY_BODY = YES;
				CLANG_WARN_ENUM_CONVERSION = YES;
				CLANG_WARN_INFINITE_RECURSION = YES;
				CLANG_WARN_INT_CONVERSION = YES;
				CLANG_WARN_NON_LITERAL_NULL_CONVERSION = YES;
				CLANG_WARN_OBJC_IMPLICIT_RETAIN_SELF = YES;
				CLANG_WARN_OBJC_LITERAL_CONVERSION = YES;
				CLANG_WARN_OBJC_ROOT_CLASS = YES_ERROR;
				CLANG_WARN_QUOTED_INCLUDE_IN_FRAMEWORK_HEADER = YES;
				CLANG_WARN_RANGE_LOOP_ANALYSIS = YES;
				CLANG_WARN_STRICT_PROTOTYPES = YES;
				CLANG_WARN_SUSPICIOUS_MOVE = YES;
				CLANG_WARN_UNGUARDED_AVAILABILITY = YES_AGGRESSIVE;
				CLANG_WARN_UNREACHABLE_CODE = YES;
				CLANG_WARN__DUPLICATE_METHOD_MATCH = YES;
				COPY_PHASE_STRIP = NO;
				DEBUG_INFORMATION_FORMAT = "dwarf-with-dsym";
				ENABLE_NS_ASSERTIONS = NO;
				ENABLE_STRICT_OBJC_MSGSEND = YES;
				GCC_C_LANGUAGE_STANDARD = gnu11;
				GCC_NO_COMMON_BLOCKS = YES;
				GCC_WARN_64_TO_32_BIT_CONVERSION = YES;
				GCC_WARN_ABOUT_RETURN_TYPE = YES_ERROR;
				GCC_WARN_UNDECLARED_SELECTOR = YES;
				GCC_WARN_UNINITIALIZED_AUTOS = YES_AGGRESSIVE;
				GCC_WARN_UNUSED_FUNCTION = YES;
				GCC_WARN_UNUSED_VARIABLE = YES;
				IPHONEOS_DEPLOYMENT_TARGET = 14.5;
				MTL_ENABLE_DEBUG_INFO = NO;
				MTL_FAST_MATH = YES;
				SDKROOT = iphoneos;
				SWIFT_COMPILATION_MODE = wholemodule;
				SWIFT_OPTIMIZATION_LEVEL = "-O";
				VALIDATE_PRODUCT = YES;
			};
			name = Release;
		};
		171142772678A66200ADCEC9 /* Debug */ = {
			isa = XCBuildConfiguration;
			buildSettings = {
				ASSETCATALOG_COMPILER_APPICON_NAME = AppIcon;
				ASSETCATALOG_COMPILER_GLOBAL_ACCENT_COLOR_NAME = AccentColor;
				CODE_SIGN_STYLE = Automatic;
				DEVELOPMENT_ASSET_PATHS = "\"AuthScreen/Preview Content\"";
				DEVELOPMENT_TEAM = JB4H896VDB;
				ENABLE_PREVIEWS = YES;
				INFOPLIST_FILE = AuthScreen/Info.plist;
				IPHONEOS_DEPLOYMENT_TARGET = 14.0;
				LD_RUNPATH_SEARCH_PATHS = (
					"$(inherited)",
					"@executable_path/Frameworks",
				);
				PRODUCT_BUNDLE_IDENTIFIER = com.omer.AuthScreen;
				PRODUCT_NAME = "$(TARGET_NAME)";
				SWIFT_VERSION = 5.0;
				TARGETED_DEVICE_FAMILY = "1,2";
			};
			name = Debug;
		};
		171142782678A66200ADCEC9 /* Release */ = {
			isa = XCBuildConfiguration;
			buildSettings = {
				ASSETCATALOG_COMPILER_APPICON_NAME = AppIcon;
				ASSETCATALOG_COMPILER_GLOBAL_ACCENT_COLOR_NAME = AccentColor;
				CODE_SIGN_STYLE = Automatic;
				DEVELOPMENT_ASSET_PATHS = "\"AuthScreen/Preview Content\"";
				DEVELOPMENT_TEAM = JB4H896VDB;
				ENABLE_PREVIEWS = YES;
				INFOPLIST_FILE = AuthScreen/Info.plist;
				IPHONEOS_DEPLOYMENT_TARGET = 14.0;
				LD_RUNPATH_SEARCH_PATHS = (
					"$(inherited)",
					"@executable_path/Frameworks",
				);
				PRODUCT_BUNDLE_IDENTIFIER = com.omer.AuthScreen;
				PRODUCT_NAME = "$(TARGET_NAME)";
				SWIFT_VERSION = 5.0;
				TARGETED_DEVICE_FAMILY = "1,2";
			};
			name = Release;
		};
/* End XCBuildConfiguration section */

/* Begin XCConfigurationList section */
		171142622678A65F00ADCEC9 /* Build configuration list for PBXProject "AuthScreen" */ = {
			isa = XCConfigurationList;
			buildConfigurations = (
				171142742678A66200ADCEC9 /* Debug */,
				171142752678A66200ADCEC9 /* Release */,
			);
			defaultConfigurationIsVisible = 0;
			defaultConfigurationName = Release;
		};
		171142762678A66200ADCEC9 /* Build configuration list for PBXNativeTarget "AuthScreen" */ = {
			isa = XCConfigurationList;
			buildConfigurations = (
				171142772678A66200ADCEC9 /* Debug */,
				171142782678A66200ADCEC9 /* Release */,
			);
			defaultConfigurationIsVisible = 0;
			defaultConfigurationName = Release;
		};
/* End XCConfigurationList section */
	};
	rootObject = 1711425F2678A65F00ADCEC9 /* Project object */;
}
