// !$*UTF8*$!
{
	archiveVersion = 1;
	classes = {
	};
	objectVersion = 50;
	objects = {

/* Begin PBXBuildFile section */
		174C033B244ECF2600FDD664 /* AppDelegate.swift in Sources */ = {isa = PBXBuildFile; fileRef = 174C033A244ECF2600FDD664 /* AppDelegate.swift */; };
		174C033D244ECF2600FDD664 /* SceneDelegate.swift in Sources */ = {isa = PBXBuildFile; fileRef = 174C033C244ECF2600FDD664 /* SceneDelegate.swift */; };
		174C033F244ECF2600FDD664 /* ViewController.swift in Sources */ = {isa = PBXBuildFile; fileRef = 174C033E244ECF2600FDD664 /* ViewController.swift */; };
		174C0345244ECF2600FDD664 /* MediumDemoApp.xcdatamodeld in Sources */ = {isa = PBXBuildFile; fileRef = 174C0343244ECF2600FDD664 /* MediumDemoApp.xcdatamodeld */; };
		174C0347244ECF2900FDD664 /* Assets.xcassets in Resources */ = {isa = PBXBuildFile; fileRef = 174C0346244ECF2900FDD664 /* Assets.xcassets */; };
		174C034A244ECF2900FDD664 /* LaunchScreen.storyboard in Resources */ = {isa = PBXBuildFile; fileRef = 174C0348244ECF2900FDD664 /* LaunchScreen.storyboard */; };
		174C0353244ED2B900FDD664 /* NewsFeed.swift in Sources */ = {isa = PBXBuildFile; fileRef = 174C0352244ED2B900FDD664 /* NewsFeed.swift */; };
		174C0355244ED3FD00FDD664 /* Article.swift in Sources */ = {isa = PBXBuildFile; fileRef = 174C0354244ED3FD00FDD664 /* Article.swift */; };
		17DFEF3B2454AB2A00EA762B /* Source.swift in Sources */ = {isa = PBXBuildFile; fileRef = 17DFEF3A2454AB2A00EA762B /* Source.swift */; };
/* End PBXBuildFile section */

/* Begin PBXFileReference section */
		174C0337244ECF2600FDD664 /* MediumDemoApp.app */ = {isa = PBXFileReference; explicitFileType = wrapper.application; includeInIndex = 0; path = MediumDemoApp.app; sourceTree = BUILT_PRODUCTS_DIR; };
		174C033A244ECF2600FDD664 /* AppDelegate.swift */ = {isa = PBXFileReference; lastKnownFileType = sourcecode.swift; path = AppDelegate.swift; sourceTree = "<group>"; };
		174C033C244ECF2600FDD664 /* SceneDelegate.swift */ = {isa = PBXFileReference; lastKnownFileType = sourcecode.swift; path = SceneDelegate.swift; sourceTree = "<group>"; };
		174C033E244ECF2600FDD664 /* ViewController.swift */ = {isa = PBXFileReference; lastKnownFileType = sourcecode.swift; path = ViewController.swift; sourceTree = "<group>"; };
		174C0344244ECF2600FDD664 /* MediumDemoApp.xcdatamodel */ = {isa = PBXFileReference; lastKnownFileType = wrapper.xcdatamodel; path = MediumDemoApp.xcdatamodel; sourceTree = "<group>"; };
		174C0346244ECF2900FDD664 /* Assets.xcassets */ = {isa = PBXFileReference; lastKnownFileType = folder.assetcatalog; path = Assets.xcassets; sourceTree = "<group>"; };
		174C0349244ECF2900FDD664 /* Base */ = {isa = PBXFileReference; lastKnownFileType = file.storyboard; name = Base; path = Base.lproj/LaunchScreen.storyboard; sourceTree = "<group>"; };
		174C034B244ECF2900FDD664 /* Info.plist */ = {isa = PBXFileReference; lastKnownFileType = text.plist.xml; path = Info.plist; sourceTree = "<group>"; };
		174C0352244ED2B900FDD664 /* NewsFeed.swift */ = {isa = PBXFileReference; lastKnownFileType = sourcecode.swift; path = NewsFeed.swift; sourceTree = "<group>"; };
		174C0354244ED3FD00FDD664 /* Article.swift */ = {isa = PBXFileReference; lastKnownFileType = sourcecode.swift; path = Article.swift; sourceTree = "<group>"; };
		17DFEF3A2454AB2A00EA762B /* Source.swift */ = {isa = PBXFileReference; lastKnownFileType = sourcecode.swift; path = Source.swift; sourceTree = "<group>"; };
/* End PBXFileReference section */

/* Begin PBXFrameworksBuildPhase section */
		174C0334244ECF2600FDD664 /* Frameworks */ = {
			isa = PBXFrameworksBuildPhase;
			buildActionMask = 2147483647;
			files = (
			);
			runOnlyForDeploymentPostprocessing = 0;
		};
/* End PBXFrameworksBuildPhase section */

/* Begin PBXGroup section */
		174C032E244ECF2600FDD664 = {
			isa = PBXGroup;
			children = (
				174C0339244ECF2600FDD664 /* MediumDemoApp */,
				174C0338244ECF2600FDD664 /* Products */,
			);
			sourceTree = "<group>";
		};
		174C0338244ECF2600FDD664 /* Products */ = {
			isa = PBXGroup;
			children = (
				174C0337244ECF2600FDD664 /* MediumDemoApp.app */,
			);
			name = Products;
			sourceTree = "<group>";
		};
		174C0339244ECF2600FDD664 /* MediumDemoApp */ = {
			isa = PBXGroup;
			children = (
				174C0351244ED2AE00FDD664 /* Models */,
				174C033A244ECF2600FDD664 /* AppDelegate.swift */,
				174C033C244ECF2600FDD664 /* SceneDelegate.swift */,
				174C033E244ECF2600FDD664 /* ViewController.swift */,
				174C0346244ECF2900FDD664 /* Assets.xcassets */,
				174C0348244ECF2900FDD664 /* LaunchScreen.storyboard */,
				174C034B244ECF2900FDD664 /* Info.plist */,
				174C0343244ECF2600FDD664 /* MediumDemoApp.xcdatamodeld */,
			);
			path = MediumDemoApp;
			sourceTree = "<group>";
		};
		174C0351244ED2AE00FDD664 /* Models */ = {
			isa = PBXGroup;
			children = (
				174C0352244ED2B900FDD664 /* NewsFeed.swift */,
				174C0354244ED3FD00FDD664 /* Article.swift */,
				17DFEF3A2454AB2A00EA762B /* Source.swift */,
			);
			path = Models;
			sourceTree = "<group>";
		};
/* End PBXGroup section */

/* Begin PBXNativeTarget section */
		174C0336244ECF2600FDD664 /* MediumDemoApp */ = {
			isa = PBXNativeTarget;
			buildConfigurationList = 174C034E244ECF2900FDD664 /* Build configuration list for PBXNativeTarget "MediumDemoApp" */;
			buildPhases = (
				174C0333244ECF2600FDD664 /* Sources */,
				174C0334244ECF2600FDD664 /* Frameworks */,
				174C0335244ECF2600FDD664 /* Resources */,
			);
			buildRules = (
			);
			dependencies = (
			);
			name = MediumDemoApp;
			productName = MediumDemoApp;
			productReference = 174C0337244ECF2600FDD664 /* MediumDemoApp.app */;
			productType = "com.apple.product-type.application";
		};
/* End PBXNativeTarget section */

/* Begin PBXProject section */
		174C032F244ECF2600FDD664 /* Project object */ = {
			isa = PBXProject;
			attributes = {
				LastSwiftUpdateCheck = 1140;
				LastUpgradeCheck = 1140;
				ORGANIZATIONNAME = "Delta Software LLC";
				TargetAttributes = {
					174C0336244ECF2600FDD664 = {
						CreatedOnToolsVersion = 11.4.1;
					};
				};
			};
			buildConfigurationList = 174C0332244ECF2600FDD664 /* Build configuration list for PBXProject "MediumDemoApp" */;
			compatibilityVersion = "Xcode 9.3";
			developmentRegion = en;
			hasScannedForEncodings = 0;
			knownRegions = (
				en,
				Base,
			);
			mainGroup = 174C032E244ECF2600FDD664;
			productRefGroup = 174C0338244ECF2600FDD664 /* Products */;
			projectDirPath = "";
			projectRoot = "";
			targets = (
				174C0336244ECF2600FDD664 /* MediumDemoApp */,
			);
		};
/* End PBXProject section */

/* Begin PBXResourcesBuildPhase section */
		174C0335244ECF2600FDD664 /* Resources */ = {
			isa = PBXResourcesBuildPhase;
			buildActionMask = 2147483647;
			files = (
				174C034A244ECF2900FDD664 /* LaunchScreen.storyboard in Resources */,
				174C0347244ECF2900FDD664 /* Assets.xcassets in Resources */,
			);
			runOnlyForDeploymentPostprocessing = 0;
		};
/* End PBXResourcesBuildPhase section */

/* Begin PBXSourcesBuildPhase section */
		174C0333244ECF2600FDD664 /* Sources */ = {
			isa = PBXSourcesBuildPhase;
			buildActionMask = 2147483647;
			files = (
				174C033F244ECF2600FDD664 /* ViewController.swift in Sources */,
				174C0345244ECF2600FDD664 /* MediumDemoApp.xcdatamodeld in Sources */,
				174C0355244ED3FD00FDD664 /* Article.swift in Sources */,
				17DFEF3B2454AB2A00EA762B /* Source.swift in Sources */,
				174C033B244ECF2600FDD664 /* AppDelegate.swift in Sources */,
				174C0353244ED2B900FDD664 /* NewsFeed.swift in Sources */,
				174C033D244ECF2600FDD664 /* SceneDelegate.swift in Sources */,
			);
			runOnlyForDeploymentPostprocessing = 0;
		};
/* End PBXSourcesBuildPhase section */

/* Begin PBXVariantGroup section */
		174C0348244ECF2900FDD664 /* LaunchScreen.storyboard */ = {
			isa = PBXVariantGroup;
			children = (
				174C0349244ECF2900FDD664 /* Base */,
			);
			name = LaunchScreen.storyboard;
			sourceTree = "<group>";
		};
/* End PBXVariantGroup section */

/* Begin XCBuildConfiguration section */
		174C034C244ECF2900FDD664 /* Debug */ = {
			isa = XCBuildConfiguration;
			buildSettings = {
				ALWAYS_SEARCH_USER_PATHS = NO;
				CLANG_ANALYZER_NONNULL = YES;
				CLANG_ANALYZER_NUMBER_OBJECT_CONVERSION = YES_AGGRESSIVE;
				CLANG_CXX_LANGUAGE_STANDARD = "gnu++14";
				CLANG_CXX_LIBRARY = "libc++";
				CLANG_ENABLE_MODULES = YES;
				CLANG_ENABLE_OBJC_ARC = YES;
				CLANG_ENABLE_OBJC_WEAK = YES;
				CLANG_WARN_BLOCK_CAPTURE_AUTORELEASING = YES;
				CLANG_WARN_BOOL_CONVERSION = YES;
				CLANG_WARN_COMMA = YES;
				CLANG_WARN_CONSTANT_CONVERSION = YES;
				CLANG_WARN_DEPRECATED_OBJC_IMPLEMENTATIONS = YES;
				CLANG_WARN_DIRECT_OBJC_ISA_USAGE = YES_ERROR;
				CLANG_WARN_DOCUMENTATION_COMMENTS = YES;
				CLANG_WARN_EMPTY_BODY = YES;
				CLANG_WARN_ENUM_CONVERSION = YES;
				CLANG_WARN_INFINITE_RECURSION = YES;
				CLANG_WARN_INT_CONVERSION = YES;
				CLANG_WARN_NON_LITERAL_NULL_CONVERSION = YES;
				CLANG_WARN_OBJC_IMPLICIT_RETAIN_SELF = YES;
				CLANG_WARN_OBJC_LITERAL_CONVERSION = YES;
				CLANG_WARN_OBJC_ROOT_CLASS = YES_ERROR;
				CLANG_WARN_RANGE_LOOP_ANALYSIS = YES;
				CLANG_WARN_STRICT_PROTOTYPES = YES;
				CLANG_WARN_SUSPICIOUS_MOVE = YES;
				CLANG_WARN_UNGUARDED_AVAILABILITY = YES_AGGRESSIVE;
				CLANG_WARN_UNREACHABLE_CODE = YES;
				CLANG_WARN__DUPLICATE_METHOD_MATCH = YES;
				COPY_PHASE_STRIP = NO;
				DEBUG_INFORMATION_FORMAT = dwarf;
				ENABLE_STRICT_OBJC_MSGSEND = YES;
				ENABLE_TESTABILITY = YES;
				GCC_C_LANGUAGE_STANDARD = gnu11;
				GCC_DYNAMIC_NO_PIC = NO;
				GCC_NO_COMMON_BLOCKS = YES;
				GCC_OPTIMIZATION_LEVEL = 0;
				GCC_PREPROCESSOR_DEFINITIONS = (
					"DEBUG=1",
					"$(inherited)",
				);
				GCC_WARN_64_TO_32_BIT_CONVERSION = YES;
				GCC_WARN_ABOUT_RETURN_TYPE = YES_ERROR;
				GCC_WARN_UNDECLARED_SELECTOR = YES;
				GCC_WARN_UNINITIALIZED_AUTOS = YES_AGGRESSIVE;
				GCC_WARN_UNUSED_FUNCTION = YES;
				GCC_WARN_UNUSED_VARIABLE = YES;
				IPHONEOS_DEPLOYMENT_TARGET = 13.4;
				MTL_ENABLE_DEBUG_INFO = INCLUDE_SOURCE;
				MTL_FAST_MATH = YES;
				ONLY_ACTIVE_ARCH = YES;
				SDKROOT = iphoneos;
				SWIFT_ACTIVE_COMPILATION_CONDITIONS = DEBUG;
				SWIFT_OPTIMIZATION_LEVEL = "-Onone";
			};
			name = Debug;
		};
		174C034D244ECF2900FDD664 /* Release */ = {
			isa = XCBuildConfiguration;
			buildSettings = {
				ALWAYS_SEARCH_USER_PATHS = NO;
				CLANG_ANALYZER_NONNULL = YES;
				CLANG_ANALYZER_NUMBER_OBJECT_CONVERSION = YES_AGGRESSIVE;
				CLANG_CXX_LANGUAGE_STANDARD = "gnu++14";
				CLANG_CXX_LIBRARY = "libc++";
				CLANG_ENABLE_MODULES = YES;
				CLANG_ENABLE_OBJC_ARC = YES;
				CLANG_ENABLE_OBJC_WEAK = YES;
				CLANG_WARN_BLOCK_CAPTURE_AUTORELEASING = YES;
				CLANG_WARN_BOOL_CONVERSION = YES;
				CLANG_WARN_COMMA = YES;
				CLANG_WARN_CONSTANT_CONVERSION = YES;
				CLANG_WARN_DEPRECATED_OBJC_IMPLEMENTATIONS = YES;
				CLANG_WARN_DIRECT_OBJC_ISA_USAGE = YES_ERROR;
				CLANG_WARN_DOCUMENTATION_COMMENTS = YES;
				CLANG_WARN_EMPTY_BODY = YES;
				CLANG_WARN_ENUM_CONVERSION = YES;
				CLANG_WARN_INFINITE_RECURSION = YES;
				CLANG_WARN_INT_CONVERSION = YES;
				CLANG_WARN_NON_LITERAL_NULL_CONVERSION = YES;
				CLANG_WARN_OBJC_IMPLICIT_RETAIN_SELF = YES;
				CLANG_WARN_OBJC_LITERAL_CONVERSION = YES;
				CLANG_WARN_OBJC_ROOT_CLASS = YES_ERROR;
				CLANG_WARN_RANGE_LOOP_ANALYSIS = YES;
				CLANG_WARN_STRICT_PROTOTYPES = YES;
				CLANG_WARN_SUSPICIOUS_MOVE = YES;
				CLANG_WARN_UNGUARDED_AVAILABILITY = YES_AGGRESSIVE;
				CLANG_WARN_UNREACHABLE_CODE = YES;
				CLANG_WARN__DUPLICATE_METHOD_MATCH = YES;
				COPY_PHASE_STRIP = NO;
				DEBUG_INFORMATION_FORMAT = "dwarf-with-dsym";
				ENABLE_NS_ASSERTIONS = NO;
				ENABLE_STRICT_OBJC_MSGSEND = YES;
				GCC_C_LANGUAGE_STANDARD = gnu11;
				GCC_NO_COMMON_BLOCKS = YES;
				GCC_WARN_64_TO_32_BIT_CONVERSION = YES;
				GCC_WARN_ABOUT_RETURN_TYPE = YES_ERROR;
				GCC_WARN_UNDECLARED_SELECTOR = YES;
				GCC_WARN_UNINITIALIZED_AUTOS = YES_AGGRESSIVE;
				GCC_WARN_UNUSED_FUNCTION = YES;
				GCC_WARN_UNUSED_VARIABLE = YES;
				IPHONEOS_DEPLOYMENT_TARGET = 13.4;
				MTL_ENABLE_DEBUG_INFO = NO;
				MTL_FAST_MATH = YES;
				SDKROOT = iphoneos;
				SWIFT_COMPILATION_MODE = wholemodule;
				SWIFT_OPTIMIZATION_LEVEL = "-O";
				VALIDATE_PRODUCT = YES;
			};
			name = Release;
		};
		174C034F244ECF2900FDD664 /* Debug */ = {
			isa = XCBuildConfiguration;
			buildSettings = {
				ASSETCATALOG_COMPILER_APPICON_NAME = AppIcon;
				CODE_SIGN_STYLE = Automatic;
				DEVELOPMENT_TEAM = JB4H896VDB;
				INFOPLIST_FILE = MediumDemoApp/Info.plist;
				LD_RUNPATH_SEARCH_PATHS = (
					"$(inherited)",
					"@executable_path/Frameworks",
				);
				PRODUCT_BUNDLE_IDENTIFIER = com.omer.MediumDemoApp;
				PRODUCT_NAME = "$(TARGET_NAME)";
				SWIFT_VERSION = 5.0;
				TARGETED_DEVICE_FAMILY = "1,2";
			};
			name = Debug;
		};
		174C0350244ECF2900FDD664 /* Release */ = {
			isa = XCBuildConfiguration;
			buildSettings = {
				ASSETCATALOG_COMPILER_APPICON_NAME = AppIcon;
				CODE_SIGN_STYLE = Automatic;
				DEVELOPMENT_TEAM = JB4H896VDB;
				INFOPLIST_FILE = MediumDemoApp/Info.plist;
				LD_RUNPATH_SEARCH_PATHS = (
					"$(inherited)",
					"@executable_path/Frameworks",
				);
				PRODUCT_BUNDLE_IDENTIFIER = com.omer.MediumDemoApp;
				PRODUCT_NAME = "$(TARGET_NAME)";
				SWIFT_VERSION = 5.0;
				TARGETED_DEVICE_FAMILY = "1,2";
			};
			name = Release;
		};
/* End XCBuildConfiguration section */

/* Begin XCConfigurationList section */
		174C0332244ECF2600FDD664 /* Build configuration list for PBXProject "MediumDemoApp" */ = {
			isa = XCConfigurationList;
			buildConfigurations = (
				174C034C244ECF2900FDD664 /* Debug */,
				174C034D244ECF2900FDD664 /* Release */,
			);
			defaultConfigurationIsVisible = 0;
			defaultConfigurationName = Release;
		};
		174C034E244ECF2900FDD664 /* Build configuration list for PBXNativeTarget "MediumDemoApp" */ = {
			isa = XCConfigurationList;
			buildConfigurations = (
				174C034F244ECF2900FDD664 /* Debug */,
				174C0350244ECF2900FDD664 /* Release */,
			);
			defaultConfigurationIsVisible = 0;
			defaultConfigurationName = Release;
		};
/* End XCConfigurationList section */

/* Begin XCVersionGroup section */
		174C0343244ECF2600FDD664 /* MediumDemoApp.xcdatamodeld */ = {
			isa = XCVersionGroup;
			children = (
				174C0344244ECF2600FDD664 /* MediumDemoApp.xcdatamodel */,
			);
			currentVersion = 174C0344244ECF2600FDD664 /* MediumDemoApp.xcdatamodel */;
			path = MediumDemoApp.xcdatamodeld;
			sourceTree = "<group>";
			versionGroupType = wrapper.xcdatamodel;
		};
/* End XCVersionGroup section */
	};
	rootObject = 174C032F244ECF2600FDD664 /* Project object */;
}
