// !$*UTF8*$!
{
	archiveVersion = 1;
	classes = {
	};
	objectVersion = 50;
	objects = {

/* Begin PBXBuildFile section */
		17A52F5725B5C760004450C3 /* User.swift in Sources */ = {isa = PBXBuildFile; fileRef = 17A52F5625B5C760004450C3 /* User.swift */; };
		17A52F5A25B5CB30004450C3 /* NetworkManager.swift in Sources */ = {isa = PBXBuildFile; fileRef = 17A52F5925B5CB30004450C3 /* NetworkManager.swift */; };
		17A52F5E25B5CCDD004450C3 /* Country.swift in Sources */ = {isa = PBXBuildFile; fileRef = 17A52F5D25B5CCDD004450C3 /* Country.swift */; };
		17A52F6125B6CEDE004450C3 /* CountriesViewController.swift in Sources */ = {isa = PBXBuildFile; fileRef = 17A52F6025B6CEDE004450C3 /* CountriesViewController.swift */; };
		17C6DFF725B587D700C304E4 /* AppDelegate.swift in Sources */ = {isa = PBXBuildFile; fileRef = 17C6DFF625B587D700C304E4 /* AppDelegate.swift */; };
		17C6DFF925B587D700C304E4 /* SceneDelegate.swift in Sources */ = {isa = PBXBuildFile; fileRef = 17C6DFF825B587D700C304E4 /* SceneDelegate.swift */; };
		17C6DFFB25B587D700C304E4 /* UsersTableView.swift in Sources */ = {isa = PBXBuildFile; fileRef = 17C6DFFA25B587D700C304E4 /* UsersTableView.swift */; };
		17C6DFFE25B587D700C304E4 /* Main.storyboard in Resources */ = {isa = PBXBuildFile; fileRef = 17C6DFFC25B587D700C304E4 /* Main.storyboard */; };
		17C6E00025B587DA00C304E4 /* Assets.xcassets in Resources */ = {isa = PBXBuildFile; fileRef = 17C6DFFF25B587DA00C304E4 /* Assets.xcassets */; };
		17C6E00325B587DA00C304E4 /* LaunchScreen.storyboard in Resources */ = {isa = PBXBuildFile; fileRef = 17C6E00125B587DA00C304E4 /* LaunchScreen.storyboard */; };
/* End PBXBuildFile section */

/* Begin PBXFileReference section */
		17A52F5625B5C760004450C3 /* User.swift */ = {isa = PBXFileReference; lastKnownFileType = sourcecode.swift; path = User.swift; sourceTree = "<group>"; };
		17A52F5925B5CB30004450C3 /* NetworkManager.swift */ = {isa = PBXFileReference; lastKnownFileType = sourcecode.swift; path = NetworkManager.swift; sourceTree = "<group>"; };
		17A52F5D25B5CCDD004450C3 /* Country.swift */ = {isa = PBXFileReference; lastKnownFileType = sourcecode.swift; path = Country.swift; sourceTree = "<group>"; };
		17A52F6025B6CEDE004450C3 /* CountriesViewController.swift */ = {isa = PBXFileReference; lastKnownFileType = sourcecode.swift; path = CountriesViewController.swift; sourceTree = "<group>"; };
		17C6DFF325B587D700C304E4 /* CombineNetworkingUsers.app */ = {isa = PBXFileReference; explicitFileType = wrapper.application; includeInIndex = 0; path = CombineNetworkingUsers.app; sourceTree = BUILT_PRODUCTS_DIR; };
		17C6DFF625B587D700C304E4 /* AppDelegate.swift */ = {isa = PBXFileReference; lastKnownFileType = sourcecode.swift; path = AppDelegate.swift; sourceTree = "<group>"; };
		17C6DFF825B587D700C304E4 /* SceneDelegate.swift */ = {isa = PBXFileReference; lastKnownFileType = sourcecode.swift; path = SceneDelegate.swift; sourceTree = "<group>"; };
		17C6DFFA25B587D700C304E4 /* UsersTableView.swift */ = {isa = PBXFileReference; lastKnownFileType = sourcecode.swift; path = UsersTableView.swift; sourceTree = "<group>"; };
		17C6DFFD25B587D700C304E4 /* Base */ = {isa = PBXFileReference; lastKnownFileType = file.storyboard; name = Base; path = Base.lproj/Main.storyboard; sourceTree = "<group>"; };
		17C6DFFF25B587DA00C304E4 /* Assets.xcassets */ = {isa = PBXFileReference; lastKnownFileType = folder.assetcatalog; path = Assets.xcassets; sourceTree = "<group>"; };
		17C6E00225B587DA00C304E4 /* Base */ = {isa = PBXFileReference; lastKnownFileType = file.storyboard; name = Base; path = Base.lproj/LaunchScreen.storyboard; sourceTree = "<group>"; };
		17C6E00425B587DA00C304E4 /* Info.plist */ = {isa = PBXFileReference; lastKnownFileType = text.plist.xml; path = Info.plist; sourceTree = "<group>"; };
/* End PBXFileReference section */

/* Begin PBXFrameworksBuildPhase section */
		17C6DFF025B587D700C304E4 /* Frameworks */ = {
			isa = PBXFrameworksBuildPhase;
			buildActionMask = 2147483647;
			files = (
			);
			runOnlyForDeploymentPostprocessing = 0;
		};
/* End PBXFrameworksBuildPhase section */

/* Begin PBXGroup section */
		17A52F5325B5C71F004450C3 /* Model */ = {
			isa = PBXGroup;
			children = (
				17A52F5625B5C760004450C3 /* User.swift */,
				17A52F5D25B5CCDD004450C3 /* Country.swift */,
			);
			path = Model;
			sourceTree = "<group>";
		};
		17A52F5425B5C726004450C3 /* Network Manager */ = {
			isa = PBXGroup;
			children = (
				17A52F5925B5CB30004450C3 /* NetworkManager.swift */,
			);
			path = "Network Manager";
			sourceTree = "<group>";
		};
		17A52F5525B5C73D004450C3 /* View Controller */ = {
			isa = PBXGroup;
			children = (
				17C6DFFA25B587D700C304E4 /* UsersTableView.swift */,
				17A52F6025B6CEDE004450C3 /* CountriesViewController.swift */,
			);
			path = "View Controller";
			sourceTree = "<group>";
		};
		17C6DFEA25B587D700C304E4 = {
			isa = PBXGroup;
			children = (
				17C6DFF525B587D700C304E4 /* CombineNetworkingUsers */,
				17C6DFF425B587D700C304E4 /* Products */,
			);
			sourceTree = "<group>";
		};
		17C6DFF425B587D700C304E4 /* Products */ = {
			isa = PBXGroup;
			children = (
				17C6DFF325B587D700C304E4 /* CombineNetworkingUsers.app */,
			);
			name = Products;
			sourceTree = "<group>";
		};
		17C6DFF525B587D700C304E4 /* CombineNetworkingUsers */ = {
			isa = PBXGroup;
			children = (
				17A52F5425B5C726004450C3 /* Network Manager */,
				17A52F5325B5C71F004450C3 /* Model */,
				17A52F5525B5C73D004450C3 /* View Controller */,
				17C6DFF625B587D700C304E4 /* AppDelegate.swift */,
				17C6DFF825B587D700C304E4 /* SceneDelegate.swift */,
				17C6DFFC25B587D700C304E4 /* Main.storyboard */,
				17C6DFFF25B587DA00C304E4 /* Assets.xcassets */,
				17C6E00125B587DA00C304E4 /* LaunchScreen.storyboard */,
				17C6E00425B587DA00C304E4 /* Info.plist */,
			);
			path = CombineNetworkingUsers;
			sourceTree = "<group>";
		};
/* End PBXGroup section */

/* Begin PBXNativeTarget section */
		17C6DFF225B587D700C304E4 /* CombineNetworkingUsers */ = {
			isa = PBXNativeTarget;
			buildConfigurationList = 17C6E00725B587DA00C304E4 /* Build configuration list for PBXNativeTarget "CombineNetworkingUsers" */;
			buildPhases = (
				17C6DFEF25B587D700C304E4 /* Sources */,
				17C6DFF025B587D700C304E4 /* Frameworks */,
				17C6DFF125B587D700C304E4 /* Resources */,
			);
			buildRules = (
			);
			dependencies = (
			);
			name = CombineNetworkingUsers;
			productName = CombineNetworkingUsers;
			productReference = 17C6DFF325B587D700C304E4 /* CombineNetworkingUsers.app */;
			productType = "com.apple.product-type.application";
		};
/* End PBXNativeTarget section */

/* Begin PBXProject section */
		17C6DFEB25B587D700C304E4 /* Project object */ = {
			isa = PBXProject;
			attributes = {
				LastSwiftUpdateCheck = 1230;
				LastUpgradeCheck = 1230;
				TargetAttributes = {
					17C6DFF225B587D700C304E4 = {
						CreatedOnToolsVersion = 12.3;
					};
				};
			};
			buildConfigurationList = 17C6DFEE25B587D700C304E4 /* Build configuration list for PBXProject "CombineNetworkingUsers" */;
			compatibilityVersion = "Xcode 9.3";
			developmentRegion = en;
			hasScannedForEncodings = 0;
			knownRegions = (
				en,
				Base,
			);
			mainGroup = 17C6DFEA25B587D700C304E4;
			productRefGroup = 17C6DFF425B587D700C304E4 /* Products */;
			projectDirPath = "";
			projectRoot = "";
			targets = (
				17C6DFF225B587D700C304E4 /* CombineNetworkingUsers */,
			);
		};
/* End PBXProject section */

/* Begin PBXResourcesBuildPhase section */
		17C6DFF125B587D700C304E4 /* Resources */ = {
			isa = PBXResourcesBuildPhase;
			buildActionMask = 2147483647;
			files = (
				17C6E00325B587DA00C304E4 /* LaunchScreen.storyboard in Resources */,
				17C6E00025B587DA00C304E4 /* Assets.xcassets in Resources */,
				17C6DFFE25B587D700C304E4 /* Main.storyboard in Resources */,
			);
			runOnlyForDeploymentPostprocessing = 0;
		};
/* End PBXResourcesBuildPhase section */

/* Begin PBXSourcesBuildPhase section */
		17C6DFEF25B587D700C304E4 /* Sources */ = {
			isa = PBXSourcesBuildPhase;
			buildActionMask = 2147483647;
			files = (
				17A52F5725B5C760004450C3 /* User.swift in Sources */,
				17A52F6125B6CEDE004450C3 /* CountriesViewController.swift in Sources */,
				17C6DFFB25B587D700C304E4 /* UsersTableView.swift in Sources */,
				17A52F5A25B5CB30004450C3 /* NetworkManager.swift in Sources */,
				17C6DFF725B587D700C304E4 /* AppDelegate.swift in Sources */,
				17A52F5E25B5CCDD004450C3 /* Country.swift in Sources */,
				17C6DFF925B587D700C304E4 /* SceneDelegate.swift in Sources */,
			);
			runOnlyForDeploymentPostprocessing = 0;
		};
/* End PBXSourcesBuildPhase section */

/* Begin PBXVariantGroup section */
		17C6DFFC25B587D700C304E4 /* Main.storyboard */ = {
			isa = PBXVariantGroup;
			children = (
				17C6DFFD25B587D700C304E4 /* Base */,
			);
			name = Main.storyboard;
			sourceTree = "<group>";
		};
		17C6E00125B587DA00C304E4 /* LaunchScreen.storyboard */ = {
			isa = PBXVariantGroup;
			children = (
				17C6E00225B587DA00C304E4 /* Base */,
			);
			name = LaunchScreen.storyboard;
			sourceTree = "<group>";
		};
/* End PBXVariantGroup section */

/* Begin XCBuildConfiguration section */
		17C6E00525B587DA00C304E4 /* Debug */ = {
			isa = XCBuildConfiguration;
			buildSettings = {
				ALWAYS_SEARCH_USER_PATHS = NO;
				CLANG_ANALYZER_NONNULL = YES;
				CLANG_ANALYZER_NUMBER_OBJECT_CONVERSION = YES_AGGRESSIVE;
				CLANG_CXX_LANGUAGE_STANDARD = "gnu++14";
				CLANG_CXX_LIBRARY = "libc++";
				CLANG_ENABLE_MODULES = YES;
				CLANG_ENABLE_OBJC_ARC = YES;
				CLANG_ENABLE_OBJC_WEAK = YES;
				CLANG_WARN_BLOCK_CAPTURE_AUTORELEASING = YES;
				CLANG_WARN_BOOL_CONVERSION = YES;
				CLANG_WARN_COMMA = YES;
				CLANG_WARN_CONSTANT_CONVERSION = YES;
				CLANG_WARN_DEPRECATED_OBJC_IMPLEMENTATIONS = YES;
				CLANG_WARN_DIRECT_OBJC_ISA_USAGE = YES_ERROR;
				CLANG_WARN_DOCUMENTATION_COMMENTS = YES;
				CLANG_WARN_EMPTY_BODY = YES;
				CLANG_WARN_ENUM_CONVERSION = YES;
				CLANG_WARN_INFINITE_RECURSION = YES;
				CLANG_WARN_INT_CONVERSION = YES;
				CLANG_WARN_NON_LITERAL_NULL_CONVERSION = YES;
				CLANG_WARN_OBJC_IMPLICIT_RETAIN_SELF = YES;
				CLANG_WARN_OBJC_LITERAL_CONVERSION = YES;
				CLANG_WARN_OBJC_ROOT_CLASS = YES_ERROR;
				CLANG_WARN_QUOTED_INCLUDE_IN_FRAMEWORK_HEADER = YES;
				CLANG_WARN_RANGE_LOOP_ANALYSIS = YES;
				CLANG_WARN_STRICT_PROTOTYPES = YES;
				CLANG_WARN_SUSPICIOUS_MOVE = YES;
				CLANG_WARN_UNGUARDED_AVAILABILITY = YES_AGGRESSIVE;
				CLANG_WARN_UNREACHABLE_CODE = YES;
				CLANG_WARN__DUPLICATE_METHOD_MATCH = YES;
				COPY_PHASE_STRIP = NO;
				DEBUG_INFORMATION_FORMAT = dwarf;
				ENABLE_STRICT_OBJC_MSGSEND = YES;
				ENABLE_TESTABILITY = YES;
				GCC_C_LANGUAGE_STANDARD = gnu11;
				GCC_DYNAMIC_NO_PIC = NO;
				GCC_NO_COMMON_BLOCKS = YES;
				GCC_OPTIMIZATION_LEVEL = 0;
				GCC_PREPROCESSOR_DEFINITIONS = (
					"DEBUG=1",
					"$(inherited)",
				);
				GCC_WARN_64_TO_32_BIT_CONVERSION = YES;
				GCC_WARN_ABOUT_RETURN_TYPE = YES_ERROR;
				GCC_WARN_UNDECLARED_SELECTOR = YES;
				GCC_WARN_UNINITIALIZED_AUTOS = YES_AGGRESSIVE;
				GCC_WARN_UNUSED_FUNCTION = YES;
				GCC_WARN_UNUSED_VARIABLE = YES;
				IPHONEOS_DEPLOYMENT_TARGET = 14.3;
				MTL_ENABLE_DEBUG_INFO = INCLUDE_SOURCE;
				MTL_FAST_MATH = YES;
				ONLY_ACTIVE_ARCH = YES;
				SDKROOT = iphoneos;
				SWIFT_ACTIVE_COMPILATION_CONDITIONS = DEBUG;
				SWIFT_OPTIMIZATION_LEVEL = "-Onone";
			};
			name = Debug;
		};
		17C6E00625B587DA00C304E4 /* Release */ = {
			isa = XCBuildConfiguration;
			buildSettings = {
				ALWAYS_SEARCH_USER_PATHS = NO;
				CLANG_ANALYZER_NONNULL = YES;
				CLANG_ANALYZER_NUMBER_OBJECT_CONVERSION = YES_AGGRESSIVE;
				CLANG_CXX_LANGUAGE_STANDARD = "gnu++14";
				CLANG_CXX_LIBRARY = "libc++";
				CLANG_ENABLE_MODULES = YES;
				CLANG_ENABLE_OBJC_ARC = YES;
				CLANG_ENABLE_OBJC_WEAK = YES;
				CLANG_WARN_BLOCK_CAPTURE_AUTORELEASING = YES;
				CLANG_WARN_BOOL_CONVERSION = YES;
				CLANG_WARN_COMMA = YES;
				CLANG_WARN_CONSTANT_CONVERSION = YES;
				CLANG_WARN_DEPRECATED_OBJC_IMPLEMENTATIONS = YES;
				CLANG_WARN_DIRECT_OBJC_ISA_USAGE = YES_ERROR;
				CLANG_WARN_DOCUMENTATION_COMMENTS = YES;
				CLANG_WARN_EMPTY_BODY = YES;
				CLANG_WARN_ENUM_CONVERSION = YES;
				CLANG_WARN_INFINITE_RECURSION = YES;
				CLANG_WARN_INT_CONVERSION = YES;
				CLANG_WARN_NON_LITERAL_NULL_CONVERSION = YES;
				CLANG_WARN_OBJC_IMPLICIT_RETAIN_SELF = YES;
				CLANG_WARN_OBJC_LITERAL_CONVERSION = YES;
				CLANG_WARN_OBJC_ROOT_CLASS = YES_ERROR;
				CLANG_WARN_QUOTED_INCLUDE_IN_FRAMEWORK_HEADER = YES;
				CLANG_WARN_RANGE_LOOP_ANALYSIS = YES;
				CLANG_WARN_STRICT_PROTOTYPES = YES;
				CLANG_WARN_SUSPICIOUS_MOVE = YES;
				CLANG_WARN_UNGUARDED_AVAILABILITY = YES_AGGRESSIVE;
				CLANG_WARN_UNREACHABLE_CODE = YES;
				CLANG_WARN__DUPLICATE_METHOD_MATCH = YES;
				COPY_PHASE_STRIP = NO;
				DEBUG_INFORMATION_FORMAT = "dwarf-with-dsym";
				ENABLE_NS_ASSERTIONS = NO;
				ENABLE_STRICT_OBJC_MSGSEND = YES;
				GCC_C_LANGUAGE_STANDARD = gnu11;
				GCC_NO_COMMON_BLOCKS = YES;
				GCC_WARN_64_TO_32_BIT_CONVERSION = YES;
				GCC_WARN_ABOUT_RETURN_TYPE = YES_ERROR;
				GCC_WARN_UNDECLARED_SELECTOR = YES;
				GCC_WARN_UNINITIALIZED_AUTOS = YES_AGGRESSIVE;
				GCC_WARN_UNUSED_FUNCTION = YES;
				GCC_WARN_UNUSED_VARIABLE = YES;
				IPHONEOS_DEPLOYMENT_TARGET = 14.3;
				MTL_ENABLE_DEBUG_INFO = NO;
				MTL_FAST_MATH = YES;
				SDKROOT = iphoneos;
				SWIFT_COMPILATION_MODE = wholemodule;
				SWIFT_OPTIMIZATION_LEVEL = "-O";
				VALIDATE_PRODUCT = YES;
			};
			name = Release;
		};
		17C6E00825B587DA00C304E4 /* Debug */ = {
			isa = XCBuildConfiguration;
			buildSettings = {
				ASSETCATALOG_COMPILER_APPICON_NAME = AppIcon;
				ASSETCATALOG_COMPILER_GLOBAL_ACCENT_COLOR_NAME = AccentColor;
				CODE_SIGN_STYLE = Automatic;
				DEVELOPMENT_TEAM = JB4H896VDB;
				INFOPLIST_FILE = CombineNetworkingUsers/Info.plist;
				LD_RUNPATH_SEARCH_PATHS = (
					"$(inherited)",
					"@executable_path/Frameworks",
				);
				PRODUCT_BUNDLE_IDENTIFIER = com.omer.CombineNetworkingUsers;
				PRODUCT_NAME = "$(TARGET_NAME)";
				SWIFT_VERSION = 5.0;
				TARGETED_DEVICE_FAMILY = "1,2";
			};
			name = Debug;
		};
		17C6E00925B587DA00C304E4 /* Release */ = {
			isa = XCBuildConfiguration;
			buildSettings = {
				ASSETCATALOG_COMPILER_APPICON_NAME = AppIcon;
				ASSETCATALOG_COMPILER_GLOBAL_ACCENT_COLOR_NAME = AccentColor;
				CODE_SIGN_STYLE = Automatic;
				DEVELOPMENT_TEAM = JB4H896VDB;
				INFOPLIST_FILE = CombineNetworkingUsers/Info.plist;
				LD_RUNPATH_SEARCH_PATHS = (
					"$(inherited)",
					"@executable_path/Frameworks",
				);
				PRODUCT_BUNDLE_IDENTIFIER = com.omer.CombineNetworkingUsers;
				PRODUCT_NAME = "$(TARGET_NAME)";
				SWIFT_VERSION = 5.0;
				TARGETED_DEVICE_FAMILY = "1,2";
			};
			name = Release;
		};
/* End XCBuildConfiguration section */

/* Begin XCConfigurationList section */
		17C6DFEE25B587D700C304E4 /* Build configuration list for PBXProject "CombineNetworkingUsers" */ = {
			isa = XCConfigurationList;
			buildConfigurations = (
				17C6E00525B587DA00C304E4 /* Debug */,
				17C6E00625B587DA00C304E4 /* Release */,
			);
			defaultConfigurationIsVisible = 0;
			defaultConfigurationName = Release;
		};
		17C6E00725B587DA00C304E4 /* Build configuration list for PBXNativeTarget "CombineNetworkingUsers" */ = {
			isa = XCConfigurationList;
			buildConfigurations = (
				17C6E00825B587DA00C304E4 /* Debug */,
				17C6E00925B587DA00C304E4 /* Release */,
			);
			defaultConfigurationIsVisible = 0;
			defaultConfigurationName = Release;
		};
/* End XCConfigurationList section */
	};
	rootObject = 17C6DFEB25B587D700C304E4 /* Project object */;
}
