// !$*UTF8*$!
{
	archiveVersion = 1;
	classes = {
	};
	objectVersion = 50;
	objects = {

/* Begin PBXBuildFile section */
		175C4863253B88E000F0D571 /* ResultTypeSwiftUIApp.swift in Sources */ = {isa = PBXBuildFile; fileRef = 175C4862253B88E000F0D571 /* ResultTypeSwiftUIApp.swift */; };
		175C4865253B88E000F0D571 /* ContentView.swift in Sources */ = {isa = PBXBuildFile; fileRef = 175C4864253B88E000F0D571 /* ContentView.swift */; };
		175C4867253B88E200F0D571 /* Assets.xcassets in Resources */ = {isa = PBXBuildFile; fileRef = 175C4866253B88E200F0D571 /* Assets.xcassets */; };
		175C486A253B88E200F0D571 /* Preview Assets.xcassets in Resources */ = {isa = PBXBuildFile; fileRef = 175C4869253B88E200F0D571 /* Preview Assets.xcassets */; };
		175C4875253B8CE000F0D571 /* Country.swift in Sources */ = {isa = PBXBuildFile; fileRef = 175C4874253B8CE000F0D571 /* Country.swift */; };
		175C4879253B8D2900F0D571 /* Network.swift in Sources */ = {isa = PBXBuildFile; fileRef = 175C4878253B8D2900F0D571 /* Network.swift */; };
/* End PBXBuildFile section */

/* Begin PBXFileReference section */
		175C485F253B88E000F0D571 /* ResultTypeSwiftUI.app */ = {isa = PBXFileReference; explicitFileType = wrapper.application; includeInIndex = 0; path = ResultTypeSwiftUI.app; sourceTree = BUILT_PRODUCTS_DIR; };
		175C4862253B88E000F0D571 /* ResultTypeSwiftUIApp.swift */ = {isa = PBXFileReference; lastKnownFileType = sourcecode.swift; path = ResultTypeSwiftUIApp.swift; sourceTree = "<group>"; };
		175C4864253B88E000F0D571 /* ContentView.swift */ = {isa = PBXFileReference; lastKnownFileType = sourcecode.swift; path = ContentView.swift; sourceTree = "<group>"; };
		175C4866253B88E200F0D571 /* Assets.xcassets */ = {isa = PBXFileReference; lastKnownFileType = folder.assetcatalog; path = Assets.xcassets; sourceTree = "<group>"; };
		175C4869253B88E200F0D571 /* Preview Assets.xcassets */ = {isa = PBXFileReference; lastKnownFileType = folder.assetcatalog; path = "Preview Assets.xcassets"; sourceTree = "<group>"; };
		175C486B253B88E200F0D571 /* Info.plist */ = {isa = PBXFileReference; lastKnownFileType = text.plist.xml; path = Info.plist; sourceTree = "<group>"; };
		175C4874253B8CE000F0D571 /* Country.swift */ = {isa = PBXFileReference; lastKnownFileType = sourcecode.swift; path = Country.swift; sourceTree = "<group>"; };
		175C4878253B8D2900F0D571 /* Network.swift */ = {isa = PBXFileReference; lastKnownFileType = sourcecode.swift; path = Network.swift; sourceTree = "<group>"; };
/* End PBXFileReference section */

/* Begin PBXFrameworksBuildPhase section */
		175C485C253B88E000F0D571 /* Frameworks */ = {
			isa = PBXFrameworksBuildPhase;
			buildActionMask = 2147483647;
			files = (
			);
			runOnlyForDeploymentPostprocessing = 0;
		};
/* End PBXFrameworksBuildPhase section */

/* Begin PBXGroup section */
		175C4856253B88E000F0D571 = {
			isa = PBXGroup;
			children = (
				175C4861253B88E000F0D571 /* ResultTypeSwiftUI */,
				175C4860253B88E000F0D571 /* Products */,
			);
			sourceTree = "<group>";
		};
		175C4860253B88E000F0D571 /* Products */ = {
			isa = PBXGroup;
			children = (
				175C485F253B88E000F0D571 /* ResultTypeSwiftUI.app */,
			);
			name = Products;
			sourceTree = "<group>";
		};
		175C4861253B88E000F0D571 /* ResultTypeSwiftUI */ = {
			isa = PBXGroup;
			children = (
				175C4872253B88F400F0D571 /* Models */,
				175C4873253B88FB00F0D571 /* Views */,
				175C4878253B8D2900F0D571 /* Network.swift */,
				175C4862253B88E000F0D571 /* ResultTypeSwiftUIApp.swift */,
				175C4866253B88E200F0D571 /* Assets.xcassets */,
				175C486B253B88E200F0D571 /* Info.plist */,
				175C4868253B88E200F0D571 /* Preview Content */,
			);
			path = ResultTypeSwiftUI;
			sourceTree = "<group>";
		};
		175C4868253B88E200F0D571 /* Preview Content */ = {
			isa = PBXGroup;
			children = (
				175C4869253B88E200F0D571 /* Preview Assets.xcassets */,
			);
			path = "Preview Content";
			sourceTree = "<group>";
		};
		175C4872253B88F400F0D571 /* Models */ = {
			isa = PBXGroup;
			children = (
				175C4874253B8CE000F0D571 /* Country.swift */,
			);
			path = Models;
			sourceTree = "<group>";
		};
		175C4873253B88FB00F0D571 /* Views */ = {
			isa = PBXGroup;
			children = (
				175C4864253B88E000F0D571 /* ContentView.swift */,
			);
			path = Views;
			sourceTree = "<group>";
		};
/* End PBXGroup section */

/* Begin PBXNativeTarget section */
		175C485E253B88E000F0D571 /* ResultTypeSwiftUI */ = {
			isa = PBXNativeTarget;
			buildConfigurationList = 175C486E253B88E200F0D571 /* Build configuration list for PBXNativeTarget "ResultTypeSwiftUI" */;
			buildPhases = (
				175C485B253B88E000F0D571 /* Sources */,
				175C485C253B88E000F0D571 /* Frameworks */,
				175C485D253B88E000F0D571 /* Resources */,
			);
			buildRules = (
			);
			dependencies = (
			);
			name = ResultTypeSwiftUI;
			productName = ResultTypeSwiftUI;
			productReference = 175C485F253B88E000F0D571 /* ResultTypeSwiftUI.app */;
			productType = "com.apple.product-type.application";
		};
/* End PBXNativeTarget section */

/* Begin PBXProject section */
		175C4857253B88E000F0D571 /* Project object */ = {
			isa = PBXProject;
			attributes = {
				LastSwiftUpdateCheck = 1200;
				LastUpgradeCheck = 1200;
				TargetAttributes = {
					175C485E253B88E000F0D571 = {
						CreatedOnToolsVersion = 12.0.1;
					};
				};
			};
			buildConfigurationList = 175C485A253B88E000F0D571 /* Build configuration list for PBXProject "ResultTypeSwiftUI" */;
			compatibilityVersion = "Xcode 9.3";
			developmentRegion = en;
			hasScannedForEncodings = 0;
			knownRegions = (
				en,
				Base,
			);
			mainGroup = 175C4856253B88E000F0D571;
			productRefGroup = 175C4860253B88E000F0D571 /* Products */;
			projectDirPath = "";
			projectRoot = "";
			targets = (
				175C485E253B88E000F0D571 /* ResultTypeSwiftUI */,
			);
		};
/* End PBXProject section */

/* Begin PBXResourcesBuildPhase section */
		175C485D253B88E000F0D571 /* Resources */ = {
			isa = PBXResourcesBuildPhase;
			buildActionMask = 2147483647;
			files = (
				175C486A253B88E200F0D571 /* Preview Assets.xcassets in Resources */,
				175C4867253B88E200F0D571 /* Assets.xcassets in Resources */,
			);
			runOnlyForDeploymentPostprocessing = 0;
		};
/* End PBXResourcesBuildPhase section */

/* Begin PBXSourcesBuildPhase section */
		175C485B253B88E000F0D571 /* Sources */ = {
			isa = PBXSourcesBuildPhase;
			buildActionMask = 2147483647;
			files = (
				175C4865253B88E000F0D571 /* ContentView.swift in Sources */,
				175C4875253B8CE000F0D571 /* Country.swift in Sources */,
				175C4879253B8D2900F0D571 /* Network.swift in Sources */,
				175C4863253B88E000F0D571 /* ResultTypeSwiftUIApp.swift in Sources */,
			);
			runOnlyForDeploymentPostprocessing = 0;
		};
/* End PBXSourcesBuildPhase section */

/* Begin XCBuildConfiguration section */
		175C486C253B88E200F0D571 /* Debug */ = {
			isa = XCBuildConfiguration;
			buildSettings = {
				ALWAYS_SEARCH_USER_PATHS = NO;
				CLANG_ANALYZER_NONNULL = YES;
				CLANG_ANALYZER_NUMBER_OBJECT_CONVERSION = YES_AGGRESSIVE;
				CLANG_CXX_LANGUAGE_STANDARD = "gnu++14";
				CLANG_CXX_LIBRARY = "libc++";
				CLANG_ENABLE_MODULES = YES;
				CLANG_ENABLE_OBJC_ARC = YES;
				CLANG_ENABLE_OBJC_WEAK = YES;
				CLANG_WARN_BLOCK_CAPTURE_AUTORELEASING = YES;
				CLANG_WARN_BOOL_CONVERSION = YES;
				CLANG_WARN_COMMA = YES;
				CLANG_WARN_CONSTANT_CONVERSION = YES;
				CLANG_WARN_DEPRECATED_OBJC_IMPLEMENTATIONS = YES;
				CLANG_WARN_DIRECT_OBJC_ISA_USAGE = YES_ERROR;
				CLANG_WARN_DOCUMENTATION_COMMENTS = YES;
				CLANG_WARN_EMPTY_BODY = YES;
				CLANG_WARN_ENUM_CONVERSION = YES;
				CLANG_WARN_INFINITE_RECURSION = YES;
				CLANG_WARN_INT_CONVERSION = YES;
				CLANG_WARN_NON_LITERAL_NULL_CONVERSION = YES;
				CLANG_WARN_OBJC_IMPLICIT_RETAIN_SELF = YES;
				CLANG_WARN_OBJC_LITERAL_CONVERSION = YES;
				CLANG_WARN_OBJC_ROOT_CLASS = YES_ERROR;
				CLANG_WARN_QUOTED_INCLUDE_IN_FRAMEWORK_HEADER = YES;
				CLANG_WARN_RANGE_LOOP_ANALYSIS = YES;
				CLANG_WARN_STRICT_PROTOTYPES = YES;
				CLANG_WARN_SUSPICIOUS_MOVE = YES;
				CLANG_WARN_UNGUARDED_AVAILABILITY = YES_AGGRESSIVE;
				CLANG_WARN_UNREACHABLE_CODE = YES;
				CLANG_WARN__DUPLICATE_METHOD_MATCH = YES;
				COPY_PHASE_STRIP = NO;
				DEBUG_INFORMATION_FORMAT = dwarf;
				ENABLE_STRICT_OBJC_MSGSEND = YES;
				ENABLE_TESTABILITY = YES;
				GCC_C_LANGUAGE_STANDARD = gnu11;
				GCC_DYNAMIC_NO_PIC = NO;
				GCC_NO_COMMON_BLOCKS = YES;
				GCC_OPTIMIZATION_LEVEL = 0;
				GCC_PREPROCESSOR_DEFINITIONS = (
					"DEBUG=1",
					"$(inherited)",
				);
				GCC_WARN_64_TO_32_BIT_CONVERSION = YES;
				GCC_WARN_ABOUT_RETURN_TYPE = YES_ERROR;
				GCC_WARN_UNDECLARED_SELECTOR = YES;
				GCC_WARN_UNINITIALIZED_AUTOS = YES_AGGRESSIVE;
				GCC_WARN_UNUSED_FUNCTION = YES;
				GCC_WARN_UNUSED_VARIABLE = YES;
				IPHONEOS_DEPLOYMENT_TARGET = 14.0;
				MTL_ENABLE_DEBUG_INFO = INCLUDE_SOURCE;
				MTL_FAST_MATH = YES;
				ONLY_ACTIVE_ARCH = YES;
				SDKROOT = iphoneos;
				SWIFT_ACTIVE_COMPILATION_CONDITIONS = DEBUG;
				SWIFT_OPTIMIZATION_LEVEL = "-Onone";
			};
			name = Debug;
		};
		175C486D253B88E200F0D571 /* Release */ = {
			isa = XCBuildConfiguration;
			buildSettings = {
				ALWAYS_SEARCH_USER_PATHS = NO;
				CLANG_ANALYZER_NONNULL = YES;
				CLANG_ANALYZER_NUMBER_OBJECT_CONVERSION = YES_AGGRESSIVE;
				CLANG_CXX_LANGUAGE_STANDARD = "gnu++14";
				CLANG_CXX_LIBRARY = "libc++";
				CLANG_ENABLE_MODULES = YES;
				CLANG_ENABLE_OBJC_ARC = YES;
				CLANG_ENABLE_OBJC_WEAK = YES;
				CLANG_WARN_BLOCK_CAPTURE_AUTORELEASING = YES;
				CLANG_WARN_BOOL_CONVERSION = YES;
				CLANG_WARN_COMMA = YES;
				CLANG_WARN_CONSTANT_CONVERSION = YES;
				CLANG_WARN_DEPRECATED_OBJC_IMPLEMENTATIONS = YES;
				CLANG_WARN_DIRECT_OBJC_ISA_USAGE = YES_ERROR;
				CLANG_WARN_DOCUMENTATION_COMMENTS = YES;
				CLANG_WARN_EMPTY_BODY = YES;
				CLANG_WARN_ENUM_CONVERSION = YES;
				CLANG_WARN_INFINITE_RECURSION = YES;
				CLANG_WARN_INT_CONVERSION = YES;
				CLANG_WARN_NON_LITERAL_NULL_CONVERSION = YES;
				CLANG_WARN_OBJC_IMPLICIT_RETAIN_SELF = YES;
				CLANG_WARN_OBJC_LITERAL_CONVERSION = YES;
				CLANG_WARN_OBJC_ROOT_CLASS = YES_ERROR;
				CLANG_WARN_QUOTED_INCLUDE_IN_FRAMEWORK_HEADER = YES;
				CLANG_WARN_RANGE_LOOP_ANALYSIS = YES;
				CLANG_WARN_STRICT_PROTOTYPES = YES;
				CLANG_WARN_SUSPICIOUS_MOVE = YES;
				CLANG_WARN_UNGUARDED_AVAILABILITY = YES_AGGRESSIVE;
				CLANG_WARN_UNREACHABLE_CODE = YES;
				CLANG_WARN__DUPLICATE_METHOD_MATCH = YES;
				COPY_PHASE_STRIP = NO;
				DEBUG_INFORMATION_FORMAT = "dwarf-with-dsym";
				ENABLE_NS_ASSERTIONS = NO;
				ENABLE_STRICT_OBJC_MSGSEND = YES;
				GCC_C_LANGUAGE_STANDARD = gnu11;
				GCC_NO_COMMON_BLOCKS = YES;
				GCC_WARN_64_TO_32_BIT_CONVERSION = YES;
				GCC_WARN_ABOUT_RETURN_TYPE = YES_ERROR;
				GCC_WARN_UNDECLARED_SELECTOR = YES;
				GCC_WARN_UNINITIALIZED_AUTOS = YES_AGGRESSIVE;
				GCC_WARN_UNUSED_FUNCTION = YES;
				GCC_WARN_UNUSED_VARIABLE = YES;
				IPHONEOS_DEPLOYMENT_TARGET = 14.0;
				MTL_ENABLE_DEBUG_INFO = NO;
				MTL_FAST_MATH = YES;
				SDKROOT = iphoneos;
				SWIFT_COMPILATION_MODE = wholemodule;
				SWIFT_OPTIMIZATION_LEVEL = "-O";
				VALIDATE_PRODUCT = YES;
			};
			name = Release;
		};
		175C486F253B88E200F0D571 /* Debug */ = {
			isa = XCBuildConfiguration;
			buildSettings = {
				ASSETCATALOG_COMPILER_APPICON_NAME = AppIcon;
				ASSETCATALOG_COMPILER_GLOBAL_ACCENT_COLOR_NAME = AccentColor;
				CODE_SIGN_STYLE = Automatic;
				DEVELOPMENT_ASSET_PATHS = "\"ResultTypeSwiftUI/Preview Content\"";
				DEVELOPMENT_TEAM = JB4H896VDB;
				ENABLE_PREVIEWS = YES;
				INFOPLIST_FILE = ResultTypeSwiftUI/Info.plist;
				IPHONEOS_DEPLOYMENT_TARGET = 14.0;
				LD_RUNPATH_SEARCH_PATHS = (
					"$(inherited)",
					"@executable_path/Frameworks",
				);
				PRODUCT_BUNDLE_IDENTIFIER = com.omer.ResultTypeSwiftUI;
				PRODUCT_NAME = "$(TARGET_NAME)";
				SWIFT_VERSION = 5.0;
				TARGETED_DEVICE_FAMILY = "1,2";
			};
			name = Debug;
		};
		175C4870253B88E200F0D571 /* Release */ = {
			isa = XCBuildConfiguration;
			buildSettings = {
				ASSETCATALOG_COMPILER_APPICON_NAME = AppIcon;
				ASSETCATALOG_COMPILER_GLOBAL_ACCENT_COLOR_NAME = AccentColor;
				CODE_SIGN_STYLE = Automatic;
				DEVELOPMENT_ASSET_PATHS = "\"ResultTypeSwiftUI/Preview Content\"";
				DEVELOPMENT_TEAM = JB4H896VDB;
				ENABLE_PREVIEWS = YES;
				INFOPLIST_FILE = ResultTypeSwiftUI/Info.plist;
				IPHONEOS_DEPLOYMENT_TARGET = 14.0;
				LD_RUNPATH_SEARCH_PATHS = (
					"$(inherited)",
					"@executable_path/Frameworks",
				);
				PRODUCT_BUNDLE_IDENTIFIER = com.omer.ResultTypeSwiftUI;
				PRODUCT_NAME = "$(TARGET_NAME)";
				SWIFT_VERSION = 5.0;
				TARGETED_DEVICE_FAMILY = "1,2";
			};
			name = Release;
		};
/* End XCBuildConfiguration section */

/* Begin XCConfigurationList section */
		175C485A253B88E000F0D571 /* Build configuration list for PBXProject "ResultTypeSwiftUI" */ = {
			isa = XCConfigurationList;
			buildConfigurations = (
				175C486C253B88E200F0D571 /* Debug */,
				175C486D253B88E200F0D571 /* Release */,
			);
			defaultConfigurationIsVisible = 0;
			defaultConfigurationName = Release;
		};
		175C486E253B88E200F0D571 /* Build configuration list for PBXNativeTarget "ResultTypeSwiftUI" */ = {
			isa = XCConfigurationList;
			buildConfigurations = (
				175C486F253B88E200F0D571 /* Debug */,
				175C4870253B88E200F0D571 /* Release */,
			);
			defaultConfigurationIsVisible = 0;
			defaultConfigurationName = Release;
		};
/* End XCConfigurationList section */
	};
	rootObject = 175C4857253B88E000F0D571 /* Project object */;
}
