// !$*UTF8*$!
{
	archiveVersion = 1;
	classes = {
	};
	objectVersion = 50;
	objects = {

/* Begin PBXBuildFile section */
		170DC86C2670E708001C44C1 /* ViewExtension.swift in Sources */ = {isa = PBXBuildFile; fileRef = 170DC86B2670E708001C44C1 /* ViewExtension.swift */; };
		175C02F72670E2F5009E2487 /* User.swift in Sources */ = {isa = PBXBuildFile; fileRef = 175C02F62670E2F5009E2487 /* User.swift */; };
		17A132102670DD7900FC5DE2 /* AppDelegate.swift in Sources */ = {isa = PBXBuildFile; fileRef = 17A1320F2670DD7900FC5DE2 /* AppDelegate.swift */; };
		17A132122670DD7900FC5DE2 /* SceneDelegate.swift in Sources */ = {isa = PBXBuildFile; fileRef = 17A132112670DD7900FC5DE2 /* SceneDelegate.swift */; };
		17A132142670DD7900FC5DE2 /* ContentView.swift in Sources */ = {isa = PBXBuildFile; fileRef = 17A132132670DD7900FC5DE2 /* ContentView.swift */; };
		17A132162670DD7D00FC5DE2 /* Assets.xcassets in Resources */ = {isa = PBXBuildFile; fileRef = 17A132152670DD7D00FC5DE2 /* Assets.xcassets */; };
		17A132192670DD7D00FC5DE2 /* Preview Assets.xcassets in Resources */ = {isa = PBXBuildFile; fileRef = 17A132182670DD7D00FC5DE2 /* Preview Assets.xcassets */; };
		17A1321C2670DD7D00FC5DE2 /* LaunchScreen.storyboard in Resources */ = {isa = PBXBuildFile; fileRef = 17A1321A2670DD7D00FC5DE2 /* LaunchScreen.storyboard */; };
		17A132252670DDF000FC5DE2 /* ViewModel.swift in Sources */ = {isa = PBXBuildFile; fileRef = 17A132242670DDF000FC5DE2 /* ViewModel.swift */; };
/* End PBXBuildFile section */

/* Begin PBXFileReference section */
		170DC86B2670E708001C44C1 /* ViewExtension.swift */ = {isa = PBXFileReference; lastKnownFileType = sourcecode.swift; path = ViewExtension.swift; sourceTree = "<group>"; };
		175C02F62670E2F5009E2487 /* User.swift */ = {isa = PBXFileReference; lastKnownFileType = sourcecode.swift; path = User.swift; sourceTree = "<group>"; };
		17A1320C2670DD7900FC5DE2 /* DemoCombineSwiftUI.app */ = {isa = PBXFileReference; explicitFileType = wrapper.application; includeInIndex = 0; path = DemoCombineSwiftUI.app; sourceTree = BUILT_PRODUCTS_DIR; };
		17A1320F2670DD7900FC5DE2 /* AppDelegate.swift */ = {isa = PBXFileReference; lastKnownFileType = sourcecode.swift; path = AppDelegate.swift; sourceTree = "<group>"; };
		17A132112670DD7900FC5DE2 /* SceneDelegate.swift */ = {isa = PBXFileReference; lastKnownFileType = sourcecode.swift; path = SceneDelegate.swift; sourceTree = "<group>"; };
		17A132132670DD7900FC5DE2 /* ContentView.swift */ = {isa = PBXFileReference; lastKnownFileType = sourcecode.swift; path = ContentView.swift; sourceTree = "<group>"; };
		17A132152670DD7D00FC5DE2 /* Assets.xcassets */ = {isa = PBXFileReference; lastKnownFileType = folder.assetcatalog; path = Assets.xcassets; sourceTree = "<group>"; };
		17A132182670DD7D00FC5DE2 /* Preview Assets.xcassets */ = {isa = PBXFileReference; lastKnownFileType = folder.assetcatalog; path = "Preview Assets.xcassets"; sourceTree = "<group>"; };
		17A1321B2670DD7D00FC5DE2 /* Base */ = {isa = PBXFileReference; lastKnownFileType = file.storyboard; name = Base; path = Base.lproj/LaunchScreen.storyboard; sourceTree = "<group>"; };
		17A1321D2670DD7D00FC5DE2 /* Info.plist */ = {isa = PBXFileReference; lastKnownFileType = text.plist.xml; path = Info.plist; sourceTree = "<group>"; };
		17A132242670DDF000FC5DE2 /* ViewModel.swift */ = {isa = PBXFileReference; lastKnownFileType = sourcecode.swift; path = ViewModel.swift; sourceTree = "<group>"; };
/* End PBXFileReference section */

/* Begin PBXFrameworksBuildPhase section */
		17A132092670DD7900FC5DE2 /* Frameworks */ = {
			isa = PBXFrameworksBuildPhase;
			buildActionMask = 2147483647;
			files = (
			);
			runOnlyForDeploymentPostprocessing = 0;
		};
/* End PBXFrameworksBuildPhase section */

/* Begin PBXGroup section */
		175C02F52670E2EB009E2487 /* Model */ = {
			isa = PBXGroup;
			children = (
				175C02F62670E2F5009E2487 /* User.swift */,
			);
			path = Model;
			sourceTree = "<group>";
		};
		17A132032670DD7900FC5DE2 = {
			isa = PBXGroup;
			children = (
				17A1320E2670DD7900FC5DE2 /* DemoCombineSwiftUI */,
				17A1320D2670DD7900FC5DE2 /* Products */,
			);
			sourceTree = "<group>";
		};
		17A1320D2670DD7900FC5DE2 /* Products */ = {
			isa = PBXGroup;
			children = (
				17A1320C2670DD7900FC5DE2 /* DemoCombineSwiftUI.app */,
			);
			name = Products;
			sourceTree = "<group>";
		};
		17A1320E2670DD7900FC5DE2 /* DemoCombineSwiftUI */ = {
			isa = PBXGroup;
			children = (
				175C02F52670E2EB009E2487 /* Model */,
				17A132232670DDDD00FC5DE2 /* View Model */,
				17A1320F2670DD7900FC5DE2 /* AppDelegate.swift */,
				17A132112670DD7900FC5DE2 /* SceneDelegate.swift */,
				17A132132670DD7900FC5DE2 /* ContentView.swift */,
				17A132152670DD7D00FC5DE2 /* Assets.xcassets */,
				17A1321A2670DD7D00FC5DE2 /* LaunchScreen.storyboard */,
				17A1321D2670DD7D00FC5DE2 /* Info.plist */,
				17A132172670DD7D00FC5DE2 /* Preview Content */,
				170DC86B2670E708001C44C1 /* ViewExtension.swift */,
			);
			path = DemoCombineSwiftUI;
			sourceTree = "<group>";
		};
		17A132172670DD7D00FC5DE2 /* Preview Content */ = {
			isa = PBXGroup;
			children = (
				17A132182670DD7D00FC5DE2 /* Preview Assets.xcassets */,
			);
			path = "Preview Content";
			sourceTree = "<group>";
		};
		17A132232670DDDD00FC5DE2 /* View Model */ = {
			isa = PBXGroup;
			children = (
				17A132242670DDF000FC5DE2 /* ViewModel.swift */,
			);
			path = "View Model";
			sourceTree = "<group>";
		};
/* End PBXGroup section */

/* Begin PBXNativeTarget section */
		17A1320B2670DD7900FC5DE2 /* DemoCombineSwiftUI */ = {
			isa = PBXNativeTarget;
			buildConfigurationList = 17A132202670DD7D00FC5DE2 /* Build configuration list for PBXNativeTarget "DemoCombineSwiftUI" */;
			buildPhases = (
				17A132082670DD7900FC5DE2 /* Sources */,
				17A132092670DD7900FC5DE2 /* Frameworks */,
				17A1320A2670DD7900FC5DE2 /* Resources */,
			);
			buildRules = (
			);
			dependencies = (
			);
			name = DemoCombineSwiftUI;
			productName = DemoCombineSwiftUI;
			productReference = 17A1320C2670DD7900FC5DE2 /* DemoCombineSwiftUI.app */;
			productType = "com.apple.product-type.application";
		};
/* End PBXNativeTarget section */

/* Begin PBXProject section */
		17A132042670DD7900FC5DE2 /* Project object */ = {
			isa = PBXProject;
			attributes = {
				LastSwiftUpdateCheck = 1250;
				LastUpgradeCheck = 1250;
				TargetAttributes = {
					17A1320B2670DD7900FC5DE2 = {
						CreatedOnToolsVersion = 12.5;
					};
				};
			};
			buildConfigurationList = 17A132072670DD7900FC5DE2 /* Build configuration list for PBXProject "DemoCombineSwiftUI" */;
			compatibilityVersion = "Xcode 9.3";
			developmentRegion = en;
			hasScannedForEncodings = 0;
			knownRegions = (
				en,
				Base,
			);
			mainGroup = 17A132032670DD7900FC5DE2;
			productRefGroup = 17A1320D2670DD7900FC5DE2 /* Products */;
			projectDirPath = "";
			projectRoot = "";
			targets = (
				17A1320B2670DD7900FC5DE2 /* DemoCombineSwiftUI */,
			);
		};
/* End PBXProject section */

/* Begin PBXResourcesBuildPhase section */
		17A1320A2670DD7900FC5DE2 /* Resources */ = {
			isa = PBXResourcesBuildPhase;
			buildActionMask = 2147483647;
			files = (
				17A1321C2670DD7D00FC5DE2 /* LaunchScreen.storyboard in Resources */,
				17A132192670DD7D00FC5DE2 /* Preview Assets.xcassets in Resources */,
				17A132162670DD7D00FC5DE2 /* Assets.xcassets in Resources */,
			);
			runOnlyForDeploymentPostprocessing = 0;
		};
/* End PBXResourcesBuildPhase section */

/* Begin PBXSourcesBuildPhase section */
		17A132082670DD7900FC5DE2 /* Sources */ = {
			isa = PBXSourcesBuildPhase;
			buildActionMask = 2147483647;
			files = (
				170DC86C2670E708001C44C1 /* ViewExtension.swift in Sources */,
				17A132102670DD7900FC5DE2 /* AppDelegate.swift in Sources */,
				17A132122670DD7900FC5DE2 /* SceneDelegate.swift in Sources */,
				17A132252670DDF000FC5DE2 /* ViewModel.swift in Sources */,
				175C02F72670E2F5009E2487 /* User.swift in Sources */,
				17A132142670DD7900FC5DE2 /* ContentView.swift in Sources */,
			);
			runOnlyForDeploymentPostprocessing = 0;
		};
/* End PBXSourcesBuildPhase section */

/* Begin PBXVariantGroup section */
		17A1321A2670DD7D00FC5DE2 /* LaunchScreen.storyboard */ = {
			isa = PBXVariantGroup;
			children = (
				17A1321B2670DD7D00FC5DE2 /* Base */,
			);
			name = LaunchScreen.storyboard;
			sourceTree = "<group>";
		};
/* End PBXVariantGroup section */

/* Begin XCBuildConfiguration section */
		17A1321E2670DD7D00FC5DE2 /* Debug */ = {
			isa = XCBuildConfiguration;
			buildSettings = {
				ALWAYS_SEARCH_USER_PATHS = NO;
				CLANG_ANALYZER_NONNULL = YES;
				CLANG_ANALYZER_NUMBER_OBJECT_CONVERSION = YES_AGGRESSIVE;
				CLANG_CXX_LANGUAGE_STANDARD = "gnu++14";
				CLANG_CXX_LIBRARY = "libc++";
				CLANG_ENABLE_MODULES = YES;
				CLANG_ENABLE_OBJC_ARC = YES;
				CLANG_ENABLE_OBJC_WEAK = YES;
				CLANG_WARN_BLOCK_CAPTURE_AUTORELEASING = YES;
				CLANG_WARN_BOOL_CONVERSION = YES;
				CLANG_WARN_COMMA = YES;
				CLANG_WARN_CONSTANT_CONVERSION = YES;
				CLANG_WARN_DEPRECATED_OBJC_IMPLEMENTATIONS = YES;
				CLANG_WARN_DIRECT_OBJC_ISA_USAGE = YES_ERROR;
				CLANG_WARN_DOCUMENTATION_COMMENTS = YES;
				CLANG_WARN_EMPTY_BODY = YES;
				CLANG_WARN_ENUM_CONVERSION = YES;
				CLANG_WARN_INFINITE_RECURSION = YES;
				CLANG_WARN_INT_CONVERSION = YES;
				CLANG_WARN_NON_LITERAL_NULL_CONVERSION = YES;
				CLANG_WARN_OBJC_IMPLICIT_RETAIN_SELF = YES;
				CLANG_WARN_OBJC_LITERAL_CONVERSION = YES;
				CLANG_WARN_OBJC_ROOT_CLASS = YES_ERROR;
				CLANG_WARN_QUOTED_INCLUDE_IN_FRAMEWORK_HEADER = YES;
				CLANG_WARN_RANGE_LOOP_ANALYSIS = YES;
				CLANG_WARN_STRICT_PROTOTYPES = YES;
				CLANG_WARN_SUSPICIOUS_MOVE = YES;
				CLANG_WARN_UNGUARDED_AVAILABILITY = YES_AGGRESSIVE;
				CLANG_WARN_UNREACHABLE_CODE = YES;
				CLANG_WARN__DUPLICATE_METHOD_MATCH = YES;
				COPY_PHASE_STRIP = NO;
				DEBUG_INFORMATION_FORMAT = dwarf;
				ENABLE_STRICT_OBJC_MSGSEND = YES;
				ENABLE_TESTABILITY = YES;
				GCC_C_LANGUAGE_STANDARD = gnu11;
				GCC_DYNAMIC_NO_PIC = NO;
				GCC_NO_COMMON_BLOCKS = YES;
				GCC_OPTIMIZATION_LEVEL = 0;
				GCC_PREPROCESSOR_DEFINITIONS = (
					"DEBUG=1",
					"$(inherited)",
				);
				GCC_WARN_64_TO_32_BIT_CONVERSION = YES;
				GCC_WARN_ABOUT_RETURN_TYPE = YES_ERROR;
				GCC_WARN_UNDECLARED_SELECTOR = YES;
				GCC_WARN_UNINITIALIZED_AUTOS = YES_AGGRESSIVE;
				GCC_WARN_UNUSED_FUNCTION = YES;
				GCC_WARN_UNUSED_VARIABLE = YES;
				IPHONEOS_DEPLOYMENT_TARGET = 14.5;
				MTL_ENABLE_DEBUG_INFO = INCLUDE_SOURCE;
				MTL_FAST_MATH = YES;
				ONLY_ACTIVE_ARCH = YES;
				SDKROOT = iphoneos;
				SWIFT_ACTIVE_COMPILATION_CONDITIONS = DEBUG;
				SWIFT_OPTIMIZATION_LEVEL = "-Onone";
			};
			name = Debug;
		};
		17A1321F2670DD7D00FC5DE2 /* Release */ = {
			isa = XCBuildConfiguration;
			buildSettings = {
				ALWAYS_SEARCH_USER_PATHS = NO;
				CLANG_ANALYZER_NONNULL = YES;
				CLANG_ANALYZER_NUMBER_OBJECT_CONVERSION = YES_AGGRESSIVE;
				CLANG_CXX_LANGUAGE_STANDARD = "gnu++14";
				CLANG_CXX_LIBRARY = "libc++";
				CLANG_ENABLE_MODULES = YES;
				CLANG_ENABLE_OBJC_ARC = YES;
				CLANG_ENABLE_OBJC_WEAK = YES;
				CLANG_WARN_BLOCK_CAPTURE_AUTORELEASING = YES;
				CLANG_WARN_BOOL_CONVERSION = YES;
				CLANG_WARN_COMMA = YES;
				CLANG_WARN_CONSTANT_CONVERSION = YES;
				CLANG_WARN_DEPRECATED_OBJC_IMPLEMENTATIONS = YES;
				CLANG_WARN_DIRECT_OBJC_ISA_USAGE = YES_ERROR;
				CLANG_WARN_DOCUMENTATION_COMMENTS = YES;
				CLANG_WARN_EMPTY_BODY = YES;
				CLANG_WARN_ENUM_CONVERSION = YES;
				CLANG_WARN_INFINITE_RECURSION = YES;
				CLANG_WARN_INT_CONVERSION = YES;
				CLANG_WARN_NON_LITERAL_NULL_CONVERSION = YES;
				CLANG_WARN_OBJC_IMPLICIT_RETAIN_SELF = YES;
				CLANG_WARN_OBJC_LITERAL_CONVERSION = YES;
				CLANG_WARN_OBJC_ROOT_CLASS = YES_ERROR;
				CLANG_WARN_QUOTED_INCLUDE_IN_FRAMEWORK_HEADER = YES;
				CLANG_WARN_RANGE_LOOP_ANALYSIS = YES;
				CLANG_WARN_STRICT_PROTOTYPES = YES;
				CLANG_WARN_SUSPICIOUS_MOVE = YES;
				CLANG_WARN_UNGUARDED_AVAILABILITY = YES_AGGRESSIVE;
				CLANG_WARN_UNREACHABLE_CODE = YES;
				CLANG_WARN__DUPLICATE_METHOD_MATCH = YES;
				COPY_PHASE_STRIP = NO;
				DEBUG_INFORMATION_FORMAT = "dwarf-with-dsym";
				ENABLE_NS_ASSERTIONS = NO;
				ENABLE_STRICT_OBJC_MSGSEND = YES;
				GCC_C_LANGUAGE_STANDARD = gnu11;
				GCC_NO_COMMON_BLOCKS = YES;
				GCC_WARN_64_TO_32_BIT_CONVERSION = YES;
				GCC_WARN_ABOUT_RETURN_TYPE = YES_ERROR;
				GCC_WARN_UNDECLARED_SELECTOR = YES;
				GCC_WARN_UNINITIALIZED_AUTOS = YES_AGGRESSIVE;
				GCC_WARN_UNUSED_FUNCTION = YES;
				GCC_WARN_UNUSED_VARIABLE = YES;
				IPHONEOS_DEPLOYMENT_TARGET = 14.5;
				MTL_ENABLE_DEBUG_INFO = NO;
				MTL_FAST_MATH = YES;
				SDKROOT = iphoneos;
				SWIFT_COMPILATION_MODE = wholemodule;
				SWIFT_OPTIMIZATION_LEVEL = "-O";
				VALIDATE_PRODUCT = YES;
			};
			name = Release;
		};
		17A132212670DD7D00FC5DE2 /* Debug */ = {
			isa = XCBuildConfiguration;
			buildSettings = {
				ASSETCATALOG_COMPILER_APPICON_NAME = AppIcon;
				ASSETCATALOG_COMPILER_GLOBAL_ACCENT_COLOR_NAME = AccentColor;
				CODE_SIGN_STYLE = Automatic;
				DEVELOPMENT_ASSET_PATHS = "\"DemoCombineSwiftUI/Preview Content\"";
				DEVELOPMENT_TEAM = JB4H896VDB;
				ENABLE_PREVIEWS = YES;
				INFOPLIST_FILE = DemoCombineSwiftUI/Info.plist;
				LD_RUNPATH_SEARCH_PATHS = (
					"$(inherited)",
					"@executable_path/Frameworks",
				);
				PRODUCT_BUNDLE_IDENTIFIER = com.omer.DemoCombineSwiftUI;
				PRODUCT_NAME = "$(TARGET_NAME)";
				SWIFT_VERSION = 5.0;
				TARGETED_DEVICE_FAMILY = "1,2";
			};
			name = Debug;
		};
		17A132222670DD7D00FC5DE2 /* Release */ = {
			isa = XCBuildConfiguration;
			buildSettings = {
				ASSETCATALOG_COMPILER_APPICON_NAME = AppIcon;
				ASSETCATALOG_COMPILER_GLOBAL_ACCENT_COLOR_NAME = AccentColor;
				CODE_SIGN_STYLE = Automatic;
				DEVELOPMENT_ASSET_PATHS = "\"DemoCombineSwiftUI/Preview Content\"";
				DEVELOPMENT_TEAM = JB4H896VDB;
				ENABLE_PREVIEWS = YES;
				INFOPLIST_FILE = DemoCombineSwiftUI/Info.plist;
				LD_RUNPATH_SEARCH_PATHS = (
					"$(inherited)",
					"@executable_path/Frameworks",
				);
				PRODUCT_BUNDLE_IDENTIFIER = com.omer.DemoCombineSwiftUI;
				PRODUCT_NAME = "$(TARGET_NAME)";
				SWIFT_VERSION = 5.0;
				TARGETED_DEVICE_FAMILY = "1,2";
			};
			name = Release;
		};
/* End XCBuildConfiguration section */

/* Begin XCConfigurationList section */
		17A132072670DD7900FC5DE2 /* Build configuration list for PBXProject "DemoCombineSwiftUI" */ = {
			isa = XCConfigurationList;
			buildConfigurations = (
				17A1321E2670DD7D00FC5DE2 /* Debug */,
				17A1321F2670DD7D00FC5DE2 /* Release */,
			);
			defaultConfigurationIsVisible = 0;
			defaultConfigurationName = Release;
		};
		17A132202670DD7D00FC5DE2 /* Build configuration list for PBXNativeTarget "DemoCombineSwiftUI" */ = {
			isa = XCConfigurationList;
			buildConfigurations = (
				17A132212670DD7D00FC5DE2 /* Debug */,
				17A132222670DD7D00FC5DE2 /* Release */,
			);
			defaultConfigurationIsVisible = 0;
			defaultConfigurationName = Release;
		};
/* End XCConfigurationList section */
	};
	rootObject = 17A132042670DD7900FC5DE2 /* Project object */;
}
