// !$*UTF8*$!
{
	archiveVersion = 1;
	classes = {
	};
	objectVersion = 50;
	objects = {

/* Begin PBXBuildFile section */
		17B448DD25FF573400CCF7DD /* AppDelegate.swift in Sources */ = {isa = PBXBuildFile; fileRef = 17B448DC25FF573400CCF7DD /* AppDelegate.swift */; };
		17B448DF25FF573400CCF7DD /* SceneDelegate.swift in Sources */ = {isa = PBXBuildFile; fileRef = 17B448DE25FF573400CCF7DD /* SceneDelegate.swift */; };
		17B448E125FF573400CCF7DD /* ViewController.swift in Sources */ = {isa = PBXBuildFile; fileRef = 17B448E025FF573400CCF7DD /* ViewController.swift */; };
		17B448E425FF573400CCF7DD /* Main.storyboard in Resources */ = {isa = PBXBuildFile; fileRef = 17B448E225FF573400CCF7DD /* Main.storyboard */; };
		17B448E625FF573600CCF7DD /* Assets.xcassets in Resources */ = {isa = PBXBuildFile; fileRef = 17B448E525FF573600CCF7DD /* Assets.xcassets */; };
		17B448E925FF573600CCF7DD /* LaunchScreen.storyboard in Resources */ = {isa = PBXBuildFile; fileRef = 17B448E725FF573600CCF7DD /* LaunchScreen.storyboard */; };
		17B448F225FF576B00CCF7DD /* Coordinator.swift in Sources */ = {isa = PBXBuildFile; fileRef = 17B448F125FF576B00CCF7DD /* Coordinator.swift */; };
		17B448F525FF581E00CCF7DD /* Storyboarded.swift in Sources */ = {isa = PBXBuildFile; fileRef = 17B448F425FF581E00CCF7DD /* Storyboarded.swift */; };
		17B448F825FF594F00CCF7DD /* MainCoordinator.swift in Sources */ = {isa = PBXBuildFile; fileRef = 17B448F725FF594F00CCF7DD /* MainCoordinator.swift */; };
		17B448FC25FF5B2000CCF7DD /* BuyViewController.swift in Sources */ = {isa = PBXBuildFile; fileRef = 17B448FB25FF5B2000CCF7DD /* BuyViewController.swift */; };
		17B448FF25FF5B3800CCF7DD /* CreateAccountViewController.swift in Sources */ = {isa = PBXBuildFile; fileRef = 17B448FE25FF5B3800CCF7DD /* CreateAccountViewController.swift */; };
		17B4490525FF635F00CCF7DD /* BuyCoordinator.swift in Sources */ = {isa = PBXBuildFile; fileRef = 17B4490425FF635F00CCF7DD /* BuyCoordinator.swift */; };
/* End PBXBuildFile section */

/* Begin PBXFileReference section */
		17B448D925FF573400CCF7DD /* AdvancedCoordinator.app */ = {isa = PBXFileReference; explicitFileType = wrapper.application; includeInIndex = 0; path = AdvancedCoordinator.app; sourceTree = BUILT_PRODUCTS_DIR; };
		17B448DC25FF573400CCF7DD /* AppDelegate.swift */ = {isa = PBXFileReference; lastKnownFileType = sourcecode.swift; path = AppDelegate.swift; sourceTree = "<group>"; };
		17B448DE25FF573400CCF7DD /* SceneDelegate.swift */ = {isa = PBXFileReference; lastKnownFileType = sourcecode.swift; path = SceneDelegate.swift; sourceTree = "<group>"; };
		17B448E025FF573400CCF7DD /* ViewController.swift */ = {isa = PBXFileReference; lastKnownFileType = sourcecode.swift; path = ViewController.swift; sourceTree = "<group>"; };
		17B448E325FF573400CCF7DD /* Base */ = {isa = PBXFileReference; lastKnownFileType = file.storyboard; name = Base; path = Base.lproj/Main.storyboard; sourceTree = "<group>"; };
		17B448E525FF573600CCF7DD /* Assets.xcassets */ = {isa = PBXFileReference; lastKnownFileType = folder.assetcatalog; path = Assets.xcassets; sourceTree = "<group>"; };
		17B448E825FF573600CCF7DD /* Base */ = {isa = PBXFileReference; lastKnownFileType = file.storyboard; name = Base; path = Base.lproj/LaunchScreen.storyboard; sourceTree = "<group>"; };
		17B448EA25FF573600CCF7DD /* Info.plist */ = {isa = PBXFileReference; lastKnownFileType = text.plist.xml; path = Info.plist; sourceTree = "<group>"; };
		17B448F125FF576B00CCF7DD /* Coordinator.swift */ = {isa = PBXFileReference; lastKnownFileType = sourcecode.swift; path = Coordinator.swift; sourceTree = "<group>"; };
		17B448F425FF581E00CCF7DD /* Storyboarded.swift */ = {isa = PBXFileReference; lastKnownFileType = sourcecode.swift; path = Storyboarded.swift; sourceTree = "<group>"; };
		17B448F725FF594F00CCF7DD /* MainCoordinator.swift */ = {isa = PBXFileReference; lastKnownFileType = sourcecode.swift; path = MainCoordinator.swift; sourceTree = "<group>"; };
		17B448FB25FF5B2000CCF7DD /* BuyViewController.swift */ = {isa = PBXFileReference; lastKnownFileType = sourcecode.swift; path = BuyViewController.swift; sourceTree = "<group>"; };
		17B448FE25FF5B3800CCF7DD /* CreateAccountViewController.swift */ = {isa = PBXFileReference; lastKnownFileType = sourcecode.swift; path = CreateAccountViewController.swift; sourceTree = "<group>"; };
		17B4490425FF635F00CCF7DD /* BuyCoordinator.swift */ = {isa = PBXFileReference; lastKnownFileType = sourcecode.swift; path = BuyCoordinator.swift; sourceTree = "<group>"; };
/* End PBXFileReference section */

/* Begin PBXFrameworksBuildPhase section */
		17B448D625FF573400CCF7DD /* Frameworks */ = {
			isa = PBXFrameworksBuildPhase;
			buildActionMask = 2147483647;
			files = (
			);
			runOnlyForDeploymentPostprocessing = 0;
		};
/* End PBXFrameworksBuildPhase section */

/* Begin PBXGroup section */
		1729FD7325FF670700D14D94 /* Protocol */ = {
			isa = PBXGroup;
			children = (
				17B448F425FF581E00CCF7DD /* Storyboarded.swift */,
				17B448F125FF576B00CCF7DD /* Coordinator.swift */,
			);
			path = Protocol;
			sourceTree = "<group>";
		};
		17B448D025FF573400CCF7DD = {
			isa = PBXGroup;
			children = (
				17B448DB25FF573400CCF7DD /* AdvancedCoordinator */,
				17B448DA25FF573400CCF7DD /* Products */,
			);
			sourceTree = "<group>";
		};
		17B448DA25FF573400CCF7DD /* Products */ = {
			isa = PBXGroup;
			children = (
				17B448D925FF573400CCF7DD /* AdvancedCoordinator.app */,
			);
			name = Products;
			sourceTree = "<group>";
		};
		17B448DB25FF573400CCF7DD /* AdvancedCoordinator */ = {
			isa = PBXGroup;
			children = (
				1729FD7325FF670700D14D94 /* Protocol */,
				17B4490225FF62FE00CCF7DD /* Coordinator */,
				17B4490125FF62EE00CCF7DD /* View Controller */,
				17B448DC25FF573400CCF7DD /* AppDelegate.swift */,
				17B448DE25FF573400CCF7DD /* SceneDelegate.swift */,
				17B448E225FF573400CCF7DD /* Main.storyboard */,
				17B448E525FF573600CCF7DD /* Assets.xcassets */,
				17B448E725FF573600CCF7DD /* LaunchScreen.storyboard */,
				17B448EA25FF573600CCF7DD /* Info.plist */,
			);
			path = AdvancedCoordinator;
			sourceTree = "<group>";
		};
		17B4490125FF62EE00CCF7DD /* View Controller */ = {
			isa = PBXGroup;
			children = (
				17B448FB25FF5B2000CCF7DD /* BuyViewController.swift */,
				17B448FE25FF5B3800CCF7DD /* CreateAccountViewController.swift */,
				17B448E025FF573400CCF7DD /* ViewController.swift */,
			);
			path = "View Controller";
			sourceTree = "<group>";
		};
		17B4490225FF62FE00CCF7DD /* Coordinator */ = {
			isa = PBXGroup;
			children = (
				17B448F725FF594F00CCF7DD /* MainCoordinator.swift */,
				17B4490425FF635F00CCF7DD /* BuyCoordinator.swift */,
			);
			path = Coordinator;
			sourceTree = "<group>";
		};
/* End PBXGroup section */

/* Begin PBXNativeTarget section */
		17B448D825FF573400CCF7DD /* AdvancedCoordinator */ = {
			isa = PBXNativeTarget;
			buildConfigurationList = 17B448ED25FF573600CCF7DD /* Build configuration list for PBXNativeTarget "AdvancedCoordinator" */;
			buildPhases = (
				17B448D525FF573400CCF7DD /* Sources */,
				17B448D625FF573400CCF7DD /* Frameworks */,
				17B448D725FF573400CCF7DD /* Resources */,
			);
			buildRules = (
			);
			dependencies = (
			);
			name = AdvancedCoordinator;
			productName = AdvancedCoordinator;
			productReference = 17B448D925FF573400CCF7DD /* AdvancedCoordinator.app */;
			productType = "com.apple.product-type.application";
		};
/* End PBXNativeTarget section */

/* Begin PBXProject section */
		17B448D125FF573400CCF7DD /* Project object */ = {
			isa = PBXProject;
			attributes = {
				LastSwiftUpdateCheck = 1240;
				LastUpgradeCheck = 1240;
				TargetAttributes = {
					17B448D825FF573400CCF7DD = {
						CreatedOnToolsVersion = 12.4;
					};
				};
			};
			buildConfigurationList = 17B448D425FF573400CCF7DD /* Build configuration list for PBXProject "AdvancedCoordinator" */;
			compatibilityVersion = "Xcode 9.3";
			developmentRegion = en;
			hasScannedForEncodings = 0;
			knownRegions = (
				en,
				Base,
			);
			mainGroup = 17B448D025FF573400CCF7DD;
			productRefGroup = 17B448DA25FF573400CCF7DD /* Products */;
			projectDirPath = "";
			projectRoot = "";
			targets = (
				17B448D825FF573400CCF7DD /* AdvancedCoordinator */,
			);
		};
/* End PBXProject section */

/* Begin PBXResourcesBuildPhase section */
		17B448D725FF573400CCF7DD /* Resources */ = {
			isa = PBXResourcesBuildPhase;
			buildActionMask = 2147483647;
			files = (
				17B448E925FF573600CCF7DD /* LaunchScreen.storyboard in Resources */,
				17B448E625FF573600CCF7DD /* Assets.xcassets in Resources */,
				17B448E425FF573400CCF7DD /* Main.storyboard in Resources */,
			);
			runOnlyForDeploymentPostprocessing = 0;
		};
/* End PBXResourcesBuildPhase section */

/* Begin PBXSourcesBuildPhase section */
		17B448D525FF573400CCF7DD /* Sources */ = {
			isa = PBXSourcesBuildPhase;
			buildActionMask = 2147483647;
			files = (
				17B4490525FF635F00CCF7DD /* BuyCoordinator.swift in Sources */,
				17B448F225FF576B00CCF7DD /* Coordinator.swift in Sources */,
				17B448F825FF594F00CCF7DD /* MainCoordinator.swift in Sources */,
				17B448E125FF573400CCF7DD /* ViewController.swift in Sources */,
				17B448F525FF581E00CCF7DD /* Storyboarded.swift in Sources */,
				17B448FF25FF5B3800CCF7DD /* CreateAccountViewController.swift in Sources */,
				17B448DD25FF573400CCF7DD /* AppDelegate.swift in Sources */,
				17B448FC25FF5B2000CCF7DD /* BuyViewController.swift in Sources */,
				17B448DF25FF573400CCF7DD /* SceneDelegate.swift in Sources */,
			);
			runOnlyForDeploymentPostprocessing = 0;
		};
/* End PBXSourcesBuildPhase section */

/* Begin PBXVariantGroup section */
		17B448E225FF573400CCF7DD /* Main.storyboard */ = {
			isa = PBXVariantGroup;
			children = (
				17B448E325FF573400CCF7DD /* Base */,
			);
			name = Main.storyboard;
			sourceTree = "<group>";
		};
		17B448E725FF573600CCF7DD /* LaunchScreen.storyboard */ = {
			isa = PBXVariantGroup;
			children = (
				17B448E825FF573600CCF7DD /* Base */,
			);
			name = LaunchScreen.storyboard;
			sourceTree = "<group>";
		};
/* End PBXVariantGroup section */

/* Begin XCBuildConfiguration section */
		17B448EB25FF573600CCF7DD /* Debug */ = {
			isa = XCBuildConfiguration;
			buildSettings = {
				ALWAYS_SEARCH_USER_PATHS = NO;
				CLANG_ANALYZER_NONNULL = YES;
				CLANG_ANALYZER_NUMBER_OBJECT_CONVERSION = YES_AGGRESSIVE;
				CLANG_CXX_LANGUAGE_STANDARD = "gnu++14";
				CLANG_CXX_LIBRARY = "libc++";
				CLANG_ENABLE_MODULES = YES;
				CLANG_ENABLE_OBJC_ARC = YES;
				CLANG_ENABLE_OBJC_WEAK = YES;
				CLANG_WARN_BLOCK_CAPTURE_AUTORELEASING = YES;
				CLANG_WARN_BOOL_CONVERSION = YES;
				CLANG_WARN_COMMA = YES;
				CLANG_WARN_CONSTANT_CONVERSION = YES;
				CLANG_WARN_DEPRECATED_OBJC_IMPLEMENTATIONS = YES;
				CLANG_WARN_DIRECT_OBJC_ISA_USAGE = YES_ERROR;
				CLANG_WARN_DOCUMENTATION_COMMENTS = YES;
				CLANG_WARN_EMPTY_BODY = YES;
				CLANG_WARN_ENUM_CONVERSION = YES;
				CLANG_WARN_INFINITE_RECURSION = YES;
				CLANG_WARN_INT_CONVERSION = YES;
				CLANG_WARN_NON_LITERAL_NULL_CONVERSION = YES;
				CLANG_WARN_OBJC_IMPLICIT_RETAIN_SELF = YES;
				CLANG_WARN_OBJC_LITERAL_CONVERSION = YES;
				CLANG_WARN_OBJC_ROOT_CLASS = YES_ERROR;
				CLANG_WARN_QUOTED_INCLUDE_IN_FRAMEWORK_HEADER = YES;
				CLANG_WARN_RANGE_LOOP_ANALYSIS = YES;
				CLANG_WARN_STRICT_PROTOTYPES = YES;
				CLANG_WARN_SUSPICIOUS_MOVE = YES;
				CLANG_WARN_UNGUARDED_AVAILABILITY = YES_AGGRESSIVE;
				CLANG_WARN_UNREACHABLE_CODE = YES;
				CLANG_WARN__DUPLICATE_METHOD_MATCH = YES;
				COPY_PHASE_STRIP = NO;
				DEBUG_INFORMATION_FORMAT = dwarf;
				ENABLE_STRICT_OBJC_MSGSEND = YES;
				ENABLE_TESTABILITY = YES;
				GCC_C_LANGUAGE_STANDARD = gnu11;
				GCC_DYNAMIC_NO_PIC = NO;
				GCC_NO_COMMON_BLOCKS = YES;
				GCC_OPTIMIZATION_LEVEL = 0;
				GCC_PREPROCESSOR_DEFINITIONS = (
					"DEBUG=1",
					"$(inherited)",
				);
				GCC_WARN_64_TO_32_BIT_CONVERSION = YES;
				GCC_WARN_ABOUT_RETURN_TYPE = YES_ERROR;
				GCC_WARN_UNDECLARED_SELECTOR = YES;
				GCC_WARN_UNINITIALIZED_AUTOS = YES_AGGRESSIVE;
				GCC_WARN_UNUSED_FUNCTION = YES;
				GCC_WARN_UNUSED_VARIABLE = YES;
				IPHONEOS_DEPLOYMENT_TARGET = 14.4;
				MTL_ENABLE_DEBUG_INFO = INCLUDE_SOURCE;
				MTL_FAST_MATH = YES;
				ONLY_ACTIVE_ARCH = YES;
				SDKROOT = iphoneos;
				SWIFT_ACTIVE_COMPILATION_CONDITIONS = DEBUG;
				SWIFT_OPTIMIZATION_LEVEL = "-Onone";
			};
			name = Debug;
		};
		17B448EC25FF573600CCF7DD /* Release */ = {
			isa = XCBuildConfiguration;
			buildSettings = {
				ALWAYS_SEARCH_USER_PATHS = NO;
				CLANG_ANALYZER_NONNULL = YES;
				CLANG_ANALYZER_NUMBER_OBJECT_CONVERSION = YES_AGGRESSIVE;
				CLANG_CXX_LANGUAGE_STANDARD = "gnu++14";
				CLANG_CXX_LIBRARY = "libc++";
				CLANG_ENABLE_MODULES = YES;
				CLANG_ENABLE_OBJC_ARC = YES;
				CLANG_ENABLE_OBJC_WEAK = YES;
				CLANG_WARN_BLOCK_CAPTURE_AUTORELEASING = YES;
				CLANG_WARN_BOOL_CONVERSION = YES;
				CLANG_WARN_COMMA = YES;
				CLANG_WARN_CONSTANT_CONVERSION = YES;
				CLANG_WARN_DEPRECATED_OBJC_IMPLEMENTATIONS = YES;
				CLANG_WARN_DIRECT_OBJC_ISA_USAGE = YES_ERROR;
				CLANG_WARN_DOCUMENTATION_COMMENTS = YES;
				CLANG_WARN_EMPTY_BODY = YES;
				CLANG_WARN_ENUM_CONVERSION = YES;
				CLANG_WARN_INFINITE_RECURSION = YES;
				CLANG_WARN_INT_CONVERSION = YES;
				CLANG_WARN_NON_LITERAL_NULL_CONVERSION = YES;
				CLANG_WARN_OBJC_IMPLICIT_RETAIN_SELF = YES;
				CLANG_WARN_OBJC_LITERAL_CONVERSION = YES;
				CLANG_WARN_OBJC_ROOT_CLASS = YES_ERROR;
				CLANG_WARN_QUOTED_INCLUDE_IN_FRAMEWORK_HEADER = YES;
				CLANG_WARN_RANGE_LOOP_ANALYSIS = YES;
				CLANG_WARN_STRICT_PROTOTYPES = YES;
				CLANG_WARN_SUSPICIOUS_MOVE = YES;
				CLANG_WARN_UNGUARDED_AVAILABILITY = YES_AGGRESSIVE;
				CLANG_WARN_UNREACHABLE_CODE = YES;
				CLANG_WARN__DUPLICATE_METHOD_MATCH = YES;
				COPY_PHASE_STRIP = NO;
				DEBUG_INFORMATION_FORMAT = "dwarf-with-dsym";
				ENABLE_NS_ASSERTIONS = NO;
				ENABLE_STRICT_OBJC_MSGSEND = YES;
				GCC_C_LANGUAGE_STANDARD = gnu11;
				GCC_NO_COMMON_BLOCKS = YES;
				GCC_WARN_64_TO_32_BIT_CONVERSION = YES;
				GCC_WARN_ABOUT_RETURN_TYPE = YES_ERROR;
				GCC_WARN_UNDECLARED_SELECTOR = YES;
				GCC_WARN_UNINITIALIZED_AUTOS = YES_AGGRESSIVE;
				GCC_WARN_UNUSED_FUNCTION = YES;
				GCC_WARN_UNUSED_VARIABLE = YES;
				IPHONEOS_DEPLOYMENT_TARGET = 14.4;
				MTL_ENABLE_DEBUG_INFO = NO;
				MTL_FAST_MATH = YES;
				SDKROOT = iphoneos;
				SWIFT_COMPILATION_MODE = wholemodule;
				SWIFT_OPTIMIZATION_LEVEL = "-O";
				VALIDATE_PRODUCT = YES;
			};
			name = Release;
		};
		17B448EE25FF573600CCF7DD /* Debug */ = {
			isa = XCBuildConfiguration;
			buildSettings = {
				ASSETCATALOG_COMPILER_APPICON_NAME = AppIcon;
				ASSETCATALOG_COMPILER_GLOBAL_ACCENT_COLOR_NAME = AccentColor;
				CODE_SIGN_STYLE = Automatic;
				DEVELOPMENT_TEAM = JB4H896VDB;
				INFOPLIST_FILE = AdvancedCoordinator/Info.plist;
				LD_RUNPATH_SEARCH_PATHS = (
					"$(inherited)",
					"@executable_path/Frameworks",
				);
				PRODUCT_BUNDLE_IDENTIFIER = com.omer.AdvancedCoordinator;
				PRODUCT_NAME = "$(TARGET_NAME)";
				SWIFT_VERSION = 5.0;
				TARGETED_DEVICE_FAMILY = 1;
			};
			name = Debug;
		};
		17B448EF25FF573600CCF7DD /* Release */ = {
			isa = XCBuildConfiguration;
			buildSettings = {
				ASSETCATALOG_COMPILER_APPICON_NAME = AppIcon;
				ASSETCATALOG_COMPILER_GLOBAL_ACCENT_COLOR_NAME = AccentColor;
				CODE_SIGN_STYLE = Automatic;
				DEVELOPMENT_TEAM = JB4H896VDB;
				INFOPLIST_FILE = AdvancedCoordinator/Info.plist;
				LD_RUNPATH_SEARCH_PATHS = (
					"$(inherited)",
					"@executable_path/Frameworks",
				);
				PRODUCT_BUNDLE_IDENTIFIER = com.omer.AdvancedCoordinator;
				PRODUCT_NAME = "$(TARGET_NAME)";
				SWIFT_VERSION = 5.0;
				TARGETED_DEVICE_FAMILY = 1;
			};
			name = Release;
		};
/* End XCBuildConfiguration section */

/* Begin XCConfigurationList section */
		17B448D425FF573400CCF7DD /* Build configuration list for PBXProject "AdvancedCoordinator" */ = {
			isa = XCConfigurationList;
			buildConfigurations = (
				17B448EB25FF573600CCF7DD /* Debug */,
				17B448EC25FF573600CCF7DD /* Release */,
			);
			defaultConfigurationIsVisible = 0;
			defaultConfigurationName = Release;
		};
		17B448ED25FF573600CCF7DD /* Build configuration list for PBXNativeTarget "AdvancedCoordinator" */ = {
			isa = XCConfigurationList;
			buildConfigurations = (
				17B448EE25FF573600CCF7DD /* Debug */,
				17B448EF25FF573600CCF7DD /* Release */,
			);
			defaultConfigurationIsVisible = 0;
			defaultConfigurationName = Release;
		};
/* End XCConfigurationList section */
	};
	rootObject = 17B448D125FF573400CCF7DD /* Project object */;
}
